// !$*UTF8*$!
{
	archiveVersion = 1;
	classes = {
	};
	objectVersion = 56;
	objects = {

/* Begin PBXBuildFile section */
		393FAE492ACFF13500190D49 /* AppDelegate.swift in Sources */ = {isa = PBXBuildFile; fileRef = 393FAE482ACFF13500190D49 /* AppDelegate.swift */; };
		393FAE4B2ACFF13500190D49 /* SceneDelegate.swift in Sources */ = {isa = PBXBuildFile; fileRef = 393FAE4A2ACFF13500190D49 /* SceneDelegate.swift */; };
		393FAE4D2ACFF13500190D49 /* ViewController.swift in Sources */ = {isa = PBXBuildFile; fileRef = 393FAE4C2ACFF13500190D49 /* ViewController.swift */; };
		393FAE502ACFF13500190D49 /* Main.storyboard in Resources */ = {isa = PBXBuildFile; fileRef = 393FAE4E2ACFF13500190D49 /* Main.storyboard */; };
		393FAE522ACFF13600190D49 /* Assets.xcassets in Resources */ = {isa = PBXBuildFile; fileRef = 393FAE512ACFF13600190D49 /* Assets.xcassets */; };
		393FAE552ACFF13600190D49 /* LaunchScreen.storyboard in Resources */ = {isa = PBXBuildFile; fileRef = 393FAE532ACFF13600190D49 /* LaunchScreen.storyboard */; };
		393FAE5E2ACFF15C00190D49 /* TossPayments in Frameworks */ = {isa = PBXBuildFile; productRef = 393FAE5D2ACFF15C00190D49 /* TossPayments */; };
/* End PBXBuildFile section */

/* Begin PBXFileReference section */
		393FAE452ACFF13500190D49 /* TossPaymentWidgetSample.app */ = {isa = PBXFileReference; explicitFileType = wrapper.application; includeInIndex = 0; path = TossPaymentWidgetSample.app; sourceTree = BUILT_PRODUCTS_DIR; };
		393FAE482ACFF13500190D49 /* AppDelegate.swift */ = {isa = PBXFileReference; lastKnownFileType = sourcecode.swift; path = AppDelegate.swift; sourceTree = "<group>"; };
		393FAE4A2ACFF13500190D49 /* SceneDelegate.swift */ = {isa = PBXFileReference; lastKnownFileType = sourcecode.swift; path = SceneDelegate.swift; sourceTree = "<group>"; };
		393FAE4C2ACFF13500190D49 /* ViewController.swift */ = {isa = PBXFileReference; lastKnownFileType = sourcecode.swift; path = ViewController.swift; sourceTree = "<group>"; };
		393FAE4F2ACFF13500190D49 /* Base */ = {isa = PBXFileReference; lastKnownFileType = file.storyboard; name = Base; path = Base.lproj/Main.storyboard; sourceTree = "<group>"; };
		393FAE512ACFF13600190D49 /* Assets.xcassets */ = {isa = PBXFileReference; lastKnownFileType = folder.assetcatalog; path = Assets.xcassets; sourceTree = "<group>"; };
		393FAE542ACFF13600190D49 /* Base */ = {isa = PBXFileReference; lastKnownFileType = file.storyboard; name = Base; path = Base.lproj/LaunchScreen.storyboard; sourceTree = "<group>"; };
		393FAE562ACFF13600190D49 /* Info.plist */ = {isa = PBXFileReference; lastKnownFileType = text.plist.xml; path = Info.plist; sourceTree = "<group>"; };
/* End PBXFileReference section */

/* Begin PBXFrameworksBuildPhase section */
		393FAE422ACFF13500190D49 /* Frameworks */ = {
			isa = PBXFrameworksBuildPhase;
			buildActionMask = 2147483647;
			files = (
				393FAE5E2ACFF15C00190D49 /* TossPayments in Frameworks */,
			);
			runOnlyForDeploymentPostprocessing = 0;
		};
/* End PBXFrameworksBuildPhase section */

/* Begin PBXGroup section */
		393FAE3C2ACFF13500190D49 = {
			isa = PBXGroup;
			children = (
				393FAE472ACFF13500190D49 /* TossPaymentWidgetSample */,
				393FAE462ACFF13500190D49 /* Products */,
			);
			sourceTree = "<group>";
		};
		393FAE462ACFF13500190D49 /* Products */ = {
			isa = PBXGroup;
			children = (
				393FAE452ACFF13500190D49 /* TossPaymentWidgetSample.app */,
			);
			name = Products;
			sourceTree = "<group>";
		};
		393FAE472ACFF13500190D49 /* TossPaymentWidgetSample */ = {
			isa = PBXGroup;
			children = (
				393FAE482ACFF13500190D49 /* AppDelegate.swift */,
				393FAE4A2ACFF13500190D49 /* SceneDelegate.swift */,
				393FAE4C2ACFF13500190D49 /* ViewController.swift */,
				393FAE4E2ACFF13500190D49 /* Main.storyboard */,
				393FAE512ACFF13600190D49 /* Assets.xcassets */,
				393FAE532ACFF13600190D49 /* LaunchScreen.storyboard */,
				393FAE562ACFF13600190D49 /* Info.plist */,
			);
			path = TossPaymentWidgetSample;
			sourceTree = "<group>";
		};
/* End PBXGroup section */

/* Begin PBXNativeTarget section */
		393FAE442ACFF13500190D49 /* TossPaymentWidgetSample */ = {
			isa = PBXNativeTarget;
			buildConfigurationList = 393FAE592ACFF13600190D49 /* Build configuration list for PBXNativeTarget "TossPaymentWidgetSample" */;
			buildPhases = (
				393FAE412ACFF13500190D49 /* Sources */,
				393FAE422ACFF13500190D49 /* Frameworks */,
				393FAE432ACFF13500190D49 /* Resources */,
			);
			buildRules = (
			);
			dependencies = (
			);
			name = TossPaymentWidgetSample;
			packageProductDependencies = (
				393FAE5D2ACFF15C00190D49 /* TossPayments */,
			);
			productName = TossPaymentWidgetSample;
			productReference = 393FAE452ACFF13500190D49 /* TossPaymentWidgetSample.app */;
			productType = "com.apple.product-type.application";
		};
/* End PBXNativeTarget section */

/* Begin PBXProject section */
		393FAE3D2ACFF13500190D49 /* Project object */ = {
			isa = PBXProject;
			attributes = {
				BuildIndependentTargetsInParallel = 1;
				LastSwiftUpdateCheck = 1430;
				LastUpgradeCheck = 1430;
				TargetAttributes = {
					393FAE442ACFF13500190D49 = {
						CreatedOnToolsVersion = 14.3.1;
					};
				};
			};
			buildConfigurationList = 393FAE402ACFF13500190D49 /* Build configuration list for PBXProject "TossPaymentWidgetSample" */;
			compatibilityVersion = "Xcode 14.0";
			developmentRegion = en;
			hasScannedForEncodings = 0;
			knownRegions = (
				en,
				Base,
			);
			mainGroup = 393FAE3C2ACFF13500190D49;
			packageReferences = (
				393FAE5C2ACFF15C00190D49 /* XCRemoteSwiftPackageReference "payment-sdk-ios" */,
			);
			productRefGroup = 393FAE462ACFF13500190D49 /* Products */;
			projectDirPath = "";
			projectRoot = "";
			targets = (
				393FAE442ACFF13500190D49 /* TossPaymentWidgetSample */,
			);
		};
/* End PBXProject section */

/* Begin PBXResourcesBuildPhase section */
		393FAE432ACFF13500190D49 /* Resources */ = {
			isa = PBXResourcesBuildPhase;
			buildActionMask = 2147483647;
			files = (
				393FAE552ACFF13600190D49 /* LaunchScreen.storyboard in Resources */,
				393FAE522ACFF13600190D49 /* Assets.xcassets in Resources */,
				393FAE502ACFF13500190D49 /* Main.storyboard in Resources */,
			);
			runOnlyForDeploymentPostprocessing = 0;
		};
/* End PBXResourcesBuildPhase section */

/* Begin PBXSourcesBuildPhase section */
		393FAE412ACFF13500190D49 /* Sources */ = {
			isa = PBXSourcesBuildPhase;
			buildActionMask = 2147483647;
			files = (
				393FAE4D2ACFF13500190D49 /* ViewController.swift in Sources */,
				393FAE492ACFF13500190D49 /* AppDelegate.swift in Sources */,
				393FAE4B2ACFF13500190D49 /* SceneDelegate.swift in Sources */,
			);
			runOnlyForDeploymentPostprocessing = 0;
		};
/* End PBXSourcesBuildPhase section */

/* Begin PBXVariantGroup section */
		393FAE4E2ACFF13500190D49 /* Main.storyboard */ = {
			isa = PBXVariantGroup;
			children = (
				393FAE4F2ACFF13500190D49 /* Base */,
			);
			name = Main.storyboard;
			sourceTree = "<group>";
		};
		393FAE532ACFF13600190D49 /* LaunchScreen.storyboard */ = {
			isa = PBXVariantGroup;
			children = (
				393FAE542ACFF13600190D49 /* Base */,
			);
			name = LaunchScreen.storyboard;
			sourceTree = "<group>";
		};
/* End PBXVariantGroup section */

/* Begin XCBuildConfiguration section */
		393FAE572ACFF13600190D49 /* Debug */ = {
			isa = XCBuildConfiguration;
			buildSettings = {
				ALWAYS_SEARCH_USER_PATHS = NO;
				CLANG_ANALYZER_NONNULL = YES;
				CLANG_ANALYZER_NUMBER_OBJECT_CONVERSION = YES_AGGRESSIVE;
				CLANG_CXX_LANGUAGE_STANDARD = "gnu++20";
				CLANG_ENABLE_MODULES = YES;
				CLANG_ENABLE_OBJC_ARC = YES;
				CLANG_ENABLE_OBJC_WEAK = YES;
				CLANG_WARN_BLOCK_CAPTURE_AUTORELEASING = YES;
				CLANG_WARN_BOOL_CONVERSION = YES;
				CLANG_WARN_COMMA = YES;
				CLANG_WARN_CONSTANT_CONVERSION = YES;
				CLANG_WARN_DEPRECATED_OBJC_IMPLEMENTATIONS = YES;
				CLANG_WARN_DIRECT_OBJC_ISA_USAGE = YES_ERROR;
				CLANG_WARN_DOCUMENTATION_COMMENTS = YES;
				CLANG_WARN_EMPTY_BODY = YES;
				CLANG_WARN_ENUM_CONVERSION = YES;
				CLANG_WARN_INFINITE_RECURSION = YES;
				CLANG_WARN_INT_CONVERSION = YES;
				CLANG_WARN_NON_LITERAL_NULL_CONVERSION = YES;
				CLANG_WARN_OBJC_IMPLICIT_RETAIN_SELF = YES;
				CLANG_WARN_OBJC_LITERAL_CONVERSION = YES;
				CLANG_WARN_OBJC_ROOT_CLASS = YES_ERROR;
				CLANG_WARN_QUOTED_INCLUDE_IN_FRAMEWORK_HEADER = YES;
				CLANG_WARN_RANGE_LOOP_ANALYSIS = YES;
				CLANG_WARN_STRICT_PROTOTYPES = YES;
				CLANG_WARN_SUSPICIOUS_MOVE = YES;
				CLANG_WARN_UNGUARDED_AVAILABILITY = YES_AGGRESSIVE;
				CLANG_WARN_UNREACHABLE_CODE = YES;
				CLANG_WARN__DUPLICATE_METHOD_MATCH = YES;
				COPY_PHASE_STRIP = NO;
				DEBUG_INFORMATION_FORMAT = dwarf;
				ENABLE_STRICT_OBJC_MSGSEND = YES;
				ENABLE_TESTABILITY = YES;
				GCC_C_LANGUAGE_STANDARD = gnu11;
				GCC_DYNAMIC_NO_PIC = NO;
				GCC_NO_COMMON_BLOCKS = YES;
				GCC_OPTIMIZATION_LEVEL = 0;
				GCC_PREPROCESSOR_DEFINITIONS = (
					"DEBUG=1",
					"$(inherited)",
				);
				GCC_WARN_64_TO_32_BIT_CONVERSION = YES;
				GCC_WARN_ABOUT_RETURN_TYPE = YES_ERROR;
				GCC_WARN_UNDECLARED_SELECTOR = YES;
				GCC_WARN_UNINITIALIZED_AUTOS = YES_AGGRESSIVE;
				GCC_WARN_UNUSED_FUNCTION = YES;
				GCC_WARN_UNUSED_VARIABLE = YES;
				IPHONEOS_DEPLOYMENT_TARGET = 14.0;
				MTL_ENABLE_DEBUG_INFO = INCLUDE_SOURCE;
				MTL_FAST_MATH = YES;
				ONLY_ACTIVE_ARCH = YES;
				SDKROOT = iphoneos;
				SWIFT_ACTIVE_COMPILATION_CONDITIONS = DEBUG;
				SWIFT_OPTIMIZATION_LEVEL = "-Onone";
			};
			name = Debug;
		};
		393FAE582ACFF13600190D49 /* Release */ = {
			isa = XCBuildConfiguration;
			buildSettings = {
				ALWAYS_SEARCH_USER_PATHS = NO;
				CLANG_ANALYZER_NONNULL = YES;
				CLANG_ANALYZER_NUMBER_OBJECT_CONVERSION = YES_AGGRESSIVE;
				CLANG_CXX_LANGUAGE_STANDARD = "gnu++20";
				CLANG_ENABLE_MODULES = YES;
				CLANG_ENABLE_OBJC_ARC = YES;
				CLANG_ENABLE_OBJC_WEAK = YES;
				CLANG_WARN_BLOCK_CAPTURE_AUTORELEASING = YES;
				CLANG_WARN_BOOL_CONVERSION = YES;
				CLANG_WARN_COMMA = YES;
				CLANG_WARN_CONSTANT_CONVERSION = YES;
				CLANG_WARN_DEPRECATED_OBJC_IMPLEMENTATIONS = YES;
				CLANG_WARN_DIRECT_OBJC_ISA_USAGE = YES_ERROR;
				CLANG_WARN_DOCUMENTATION_COMMENTS = YES;
				CLANG_WARN_EMPTY_BODY = YES;
				CLANG_WARN_ENUM_CONVERSION = YES;
				CLANG_WARN_INFINITE_RECURSION = YES;
				CLANG_WARN_INT_CONVERSION = YES;
				CLANG_WARN_NON_LITERAL_NULL_CONVERSION = YES;
				CLANG_WARN_OBJC_IMPLICIT_RETAIN_SELF = YES;
				CLANG_WARN_OBJC_LITERAL_CONVERSION = YES;
				CLANG_WARN_OBJC_ROOT_CLASS = YES_ERROR;
				CLANG_WARN_QUOTED_INCLUDE_IN_FRAMEWORK_HEADER = YES;
				CLANG_WARN_RANGE_LOOP_ANALYSIS = YES;
				CLANG_WARN_STRICT_PROTOTYPES = YES;
				CLANG_WARN_SUSPICIOUS_MOVE = YES;
				CLANG_WARN_UNGUARDED_AVAILABILITY = YES_AGGRESSIVE;
				CLANG_WARN_UNREACHABLE_CODE = YES;
				CLANG_WARN__DUPLICATE_METHOD_MATCH = YES;
				COPY_PHASE_STRIP = NO;
				DEBUG_INFORMATION_FORMAT = "dwarf-with-dsym";
				ENABLE_NS_ASSERTIONS = NO;
				ENABLE_STRICT_OBJC_MSGSEND = YES;
				GCC_C_LANGUAGE_STANDARD = gnu11;
				GCC_NO_COMMON_BLOCKS = YES;
				GCC_WARN_64_TO_32_BIT_CONVERSION = YES;
				GCC_WARN_ABOUT_RETURN_TYPE = YES_ERROR;
				GCC_WARN_UNDECLARED_SELECTOR = YES;
				GCC_WARN_UNINITIALIZED_AUTOS = YES_AGGRESSIVE;
				GCC_WARN_UNUSED_FUNCTION = YES;
				GCC_WARN_UNUSED_VARIABLE = YES;
				IPHONEOS_DEPLOYMENT_TARGET = 14.0;
				MTL_ENABLE_DEBUG_INFO = NO;
				MTL_FAST_MATH = YES;
				SDKROOT = iphoneos;
				SWIFT_COMPILATION_MODE = wholemodule;
				SWIFT_OPTIMIZATION_LEVEL = "-O";
				VALIDATE_PRODUCT = YES;
			};
			name = Release;
		};
		393FAE5A2ACFF13600190D49 /* Debug */ = {
			isa = XCBuildConfiguration;
			buildSettings = {
				ASSETCATALOG_COMPILER_APPICON_NAME = AppIcon;
				ASSETCATALOG_COMPILER_GLOBAL_ACCENT_COLOR_NAME = AccentColor;
				CODE_SIGN_STYLE = Automatic;
				CURRENT_PROJECT_VERSION = 1;
				DEVELOPMENT_TEAM = 59NQ3YR32K;
				GENERATE_INFOPLIST_FILE = YES;
				INFOPLIST_FILE = TossPaymentWidgetSample/Info.plist;
				INFOPLIST_KEY_UIApplicationSupportsIndirectInputEvents = YES;
				INFOPLIST_KEY_UILaunchStoryboardName = LaunchScreen;
				INFOPLIST_KEY_UIMainStoryboardFile = Main;
				INFOPLIST_KEY_UISupportedInterfaceOrientations_iPad = "UIInterfaceOrientationPortrait UIInterfaceOrientationPortraitUpsideDown UIInterfaceOrientationLandscapeLeft UIInterfaceOrientationLandscapeRight";
				INFOPLIST_KEY_UISupportedInterfaceOrientations_iPhone = "UIInterfaceOrientationPortrait UIInterfaceOrientationLandscapeLeft UIInterfaceOrientationLandscapeRight";
				IPHONEOS_DEPLOYMENT_TARGET = 14.0;
				LD_RUNPATH_SEARCH_PATHS = (
					"$(inherited)",
					"@executable_path/Frameworks",
				);
				MARKETING_VERSION = 1.0;
				PRODUCT_BUNDLE_IDENTIFIER = com.kimjitae.TossPaymentWidgetSample;
				PRODUCT_NAME = "$(TARGET_NAME)";
				SUPPORTED_PLATFORMS = "iphoneos iphonesimulator";
				SUPPORTS_MACCATALYST = NO;
				SUPPORTS_MAC_DESIGNED_FOR_IPHONE_IPAD = NO;
				SWIFT_EMIT_LOC_STRINGS = YES;
				SWIFT_VERSION = 5.0;
				TARGETED_DEVICE_FAMILY = 1;
			};
			name = Debug;
		};
		393FAE5B2ACFF13600190D49 /* Release */ = {
			isa = XCBuildConfiguration;
			buildSettings = {
				ASSETCATALOG_COMPILER_APPICON_NAME = AppIcon;
				ASSETCATALOG_COMPILER_GLOBAL_ACCENT_COLOR_NAME = AccentColor;
				CODE_SIGN_STYLE = Automatic;
				CURRENT_PROJECT_VERSION = 1;
				DEVELOPMENT_TEAM = 59NQ3YR32K;
				GENERATE_INFOPLIST_FILE = YES;
				INFOPLIST_FILE = TossPaymentWidgetSample/Info.plist;
				INFOPLIST_KEY_UIApplicationSupportsIndirectInputEvents = YES;
				INFOPLIST_KEY_UILaunchStoryboardName = LaunchScreen;
				INFOPLIST_KEY_UIMainStoryboardFile = Main;
				INFOPLIST_KEY_UISupportedInterfaceOrientations_iPad = "UIInterfaceOrientationPortrait UIInterfaceOrientationPortraitUpsideDown UIInterfaceOrientationLandscapeLeft UIInterfaceOrientationLandscapeRight";
				INFOPLIST_KEY_UISupportedInterfaceOrientations_iPhone = "UIInterfaceOrientationPortrait UIInterfaceOrientationLandscapeLeft UIInterfaceOrientationLandscapeRight";
				IPHONEOS_DEPLOYMENT_TARGET = 14.0;
				LD_RUNPATH_SEARCH_PATHS = (
					"$(inherited)",
					"@executable_path/Frameworks",
				);
				MARKETING_VERSION = 1.0;
				PRODUCT_BUNDLE_IDENTIFIER = com.kimjitae.TossPaymentWidgetSample;
				PRODUCT_NAME = "$(TARGET_NAME)";
				SUPPORTED_PLATFORMS = "iphoneos iphonesimulator";
				SUPPORTS_MACCATALYST = NO;
				SUPPORTS_MAC_DESIGNED_FOR_IPHONE_IPAD = NO;
				SWIFT_EMIT_LOC_STRINGS = YES;
				SWIFT_VERSION = 5.0;
				TARGETED_DEVICE_FAMILY = 1;
			};
			name = Release;
		};
/* End XCBuildConfiguration section */

/* Begin XCConfigurationList section */
		393FAE402ACFF13500190D49 /* Build configuration list for PBXProject "TossPaymentWidgetSample" */ = {
			isa = XCConfigurationList;
			buildConfigurations = (
				393FAE572ACFF13600190D49 /* Debug */,
				393FAE582ACFF13600190D49 /* Release */,
			);
			defaultConfigurationIsVisible = 0;
			defaultConfigurationName = Release;
		};
		393FAE592ACFF13600190D49 /* Build configuration list for PBXNativeTarget "TossPaymentWidgetSample" */ = {
			isa = XCConfigurationList;
			buildConfigurations = (
				393FAE5A2ACFF13600190D49 /* Debug */,
				393FAE5B2ACFF13600190D49 /* Release */,
			);
			defaultConfigurationIsVisible = 0;
			defaultConfigurationName = Release;
		};
/* End XCConfigurationList section */

/* Begin XCRemoteSwiftPackageReference section */
		393FAE5C2ACFF15C00190D49 /* XCRemoteSwiftPackageReference "payment-sdk-ios" */ = {
			isa = XCRemoteSwiftPackageReference;
			repositoryURL = "https://github.com/tosspayments/payment-sdk-ios.git";
			requirement = {
				kind = exactVersion;
				version = 0.1.23;
			};
		};
/* End XCRemoteSwiftPackageReference section */

/* Begin XCSwiftPackageProductDependency section */
		393FAE5D2ACFF15C00190D49 /* TossPayments */ = {
			isa = XCSwiftPackageProductDependency;
			package = 393FAE5C2ACFF15C00190D49 /* XCRemoteSwiftPackageReference "payment-sdk-ios" */;
			productName = TossPayments;
		};
/* End XCSwiftPackageProductDependency section */
	};
	rootObject = 393FAE3D2ACFF13500190D49 /* Project object */;
}
