{
  "pins" : [
    {
      "identity" : "payment-sdk-ios",
      "kind" : "remoteSourceControl",
      "location" : "https://github.com/tosspayments/payment-sdk-ios.git",
      "state" : {
        "revision" : "50e90ff801206d5a35f9f81ce3079e0e5c35bfc3",
        "version" : "0.1.25"
      }
    }
  ],
  "version" : 2
}
