// !$*UTF8*$!
{
	archiveVersion = 1;
	classes = {
	};
	objectVersion = 56;
	objects = {

/* Begin PBXBuildFile section */
		39F51BBD29F65B550057CDBA /* AppDelegate.swift in Sources */ = {isa = PBXBuildFile; fileRef = 39F51BBC29F65B550057CDBA /* AppDelegate.swift */; };
		39F51BBF29F65B550057CDBA /* SceneDelegate.swift in Sources */ = {isa = PBXBuildFile; fileRef = 39F51BBE29F65B550057CDBA /* SceneDelegate.swift */; };
		39F51BC129F65B550057CDBA /* ViewController.swift in Sources */ = {isa = PBXBuildFile; fileRef = 39F51BC029F65B550057CDBA /* ViewController.swift */; };
		39F51BC429F65B550057CDBA /* Main.storyboard in Resources */ = {isa = PBXBuildFile; fileRef = 39F51BC229F65B550057CDBA /* Main.storyboard */; };
		39F51BC629F65B560057CDBA /* Assets.xcassets in Resources */ = {isa = PBXBuildFile; fileRef = 39F51BC529F65B560057CDBA /* Assets.xcassets */; };
		39F51BC929F65B560057CDBA /* LaunchScreen.storyboard in Resources */ = {isa = PBXBuildFile; fileRef = 39F51BC729F65B560057CDBA /* LaunchScreen.storyboard */; };
		F9ED32E091D5698CFD0C6B4D /* Pods_ForkContributeTest.framework in Frameworks */ = {isa = PBXBuildFile; fileRef = 0B8E39F760D81576C4236AD4 /* Pods_ForkContributeTest.framework */; };
/* End PBXBuildFile section */

/* Begin PBXFileReference section */
		0B8E39F760D81576C4236AD4 /* Pods_ForkContributeTest.framework */ = {isa = PBXFileReference; explicitFileType = wrapper.framework; includeInIndex = 0; path = Pods_ForkContributeTest.framework; sourceTree = BUILT_PRODUCTS_DIR; };
		39F51BB929F65B550057CDBA /* ForkContributeTest.app */ = {isa = PBXFileReference; explicitFileType = wrapper.application; includeInIndex = 0; path = ForkContributeTest.app; sourceTree = BUILT_PRODUCTS_DIR; };
		39F51BBC29F65B550057CDBA /* AppDelegate.swift */ = {isa = PBXFileReference; lastKnownFileType = sourcecode.swift; path = AppDelegate.swift; sourceTree = "<group>"; };
		39F51BBE29F65B550057CDBA /* SceneDelegate.swift */ = {isa = PBXFileReference; lastKnownFileType = sourcecode.swift; path = SceneDelegate.swift; sourceTree = "<group>"; };
		39F51BC029F65B550057CDBA /* ViewController.swift */ = {isa = PBXFileReference; lastKnownFileType = sourcecode.swift; path = ViewController.swift; sourceTree = "<group>"; };
		39F51BC329F65B550057CDBA /* Base */ = {isa = PBXFileReference; lastKnownFileType = file.storyboard; name = Base; path = Base.lproj/Main.storyboard; sourceTree = "<group>"; };
		39F51BC529F65B560057CDBA /* Assets.xcassets */ = {isa = PBXFileReference; lastKnownFileType = folder.assetcatalog; path = Assets.xcassets; sourceTree = "<group>"; };
		39F51BC829F65B560057CDBA /* Base */ = {isa = PBXFileReference; lastKnownFileType = file.storyboard; name = Base; path = Base.lproj/LaunchScreen.storyboard; sourceTree = "<group>"; };
		39F51BCA29F65B560057CDBA /* Info.plist */ = {isa = PBXFileReference; lastKnownFileType = text.plist.xml; path = Info.plist; sourceTree = "<group>"; };
		64940EB12F7B6371D6377AAF /* Pods-ForkContributeTest.debug.xcconfig */ = {isa = PBXFileReference; includeInIndex = 1; lastKnownFileType = text.xcconfig; name = "Pods-ForkContributeTest.debug.xcconfig"; path = "Target Support Files/Pods-ForkContributeTest/Pods-ForkContributeTest.debug.xcconfig"; sourceTree = "<group>"; };
		D6D00D3A1AC17989C98A2579 /* Pods-ForkContributeTest.release.xcconfig */ = {isa = PBXFileReference; includeInIndex = 1; lastKnownFileType = text.xcconfig; name = "Pods-ForkContributeTest.release.xcconfig"; path = "Target Support Files/Pods-ForkContributeTest/Pods-ForkContributeTest.release.xcconfig"; sourceTree = "<group>"; };
/* End PBXFileReference section */

/* Begin PBXFrameworksBuildPhase section */
		39F51BB629F65B550057CDBA /* Frameworks */ = {
			isa = PBXFrameworksBuildPhase;
			buildActionMask = 2147483647;
			files = (
				F9ED32E091D5698CFD0C6B4D /* Pods_ForkContributeTest.framework in Frameworks */,
			);
			runOnlyForDeploymentPostprocessing = 0;
		};
/* End PBXFrameworksBuildPhase section */

/* Begin PBXGroup section */
		28CDBE55FE304D0D0902A876 /* Frameworks */ = {
			isa = PBXGroup;
			children = (
				0B8E39F760D81576C4236AD4 /* Pods_ForkContributeTest.framework */,
			);
			name = Frameworks;
			sourceTree = "<group>";
		};
		39F51BB029F65B550057CDBA = {
			isa = PBXGroup;
			children = (
				39F51BBB29F65B550057CDBA /* ForkContributeTest */,
				39F51BBA29F65B550057CDBA /* Products */,
				AE7CE57CF45E458423281311 /* Pods */,
				28CDBE55FE304D0D0902A876 /* Frameworks */,
			);
			sourceTree = "<group>";
		};
		39F51BBA29F65B550057CDBA /* Products */ = {
			isa = PBXGroup;
			children = (
				39F51BB929F65B550057CDBA /* ForkContributeTest.app */,
			);
			name = Products;
			sourceTree = "<group>";
		};
		39F51BBB29F65B550057CDBA /* ForkContributeTest */ = {
			isa = PBXGroup;
			children = (
				39F51BBC29F65B550057CDBA /* AppDelegate.swift */,
				39F51BBE29F65B550057CDBA /* SceneDelegate.swift */,
				39F51BC029F65B550057CDBA /* ViewController.swift */,
				39F51BC229F65B550057CDBA /* Main.storyboard */,
				39F51BC529F65B560057CDBA /* Assets.xcassets */,
				39F51BC729F65B560057CDBA /* LaunchScreen.storyboard */,
				39F51BCA29F65B560057CDBA /* Info.plist */,
			);
			path = ForkContributeTest;
			sourceTree = "<group>";
		};
		AE7CE57CF45E458423281311 /* Pods */ = {
			isa = PBXGroup;
			children = (
				64940EB12F7B6371D6377AAF /* Pods-ForkContributeTest.debug.xcconfig */,
				D6D00D3A1AC17989C98A2579 /* Pods-ForkContributeTest.release.xcconfig */,
			);
			name = Pods;
			path = Pods;
			sourceTree = "<group>";
		};
/* End PBXGroup section */

/* Begin PBXNativeTarget section */
		39F51BB829F65B550057CDBA /* ForkContributeTest */ = {
			isa = PBXNativeTarget;
			buildConfigurationList = 39F51BCD29F65B560057CDBA /* Build configuration list for PBXNativeTarget "ForkContributeTest" */;
			buildPhases = (
				E9B3CE50C3D70CADAF462427 /* [CP] Check Pods Manifest.lock */,
				39F51BB529F65B550057CDBA /* Sources */,
				39F51BB629F65B550057CDBA /* Frameworks */,
				39F51BB729F65B550057CDBA /* Resources */,
				E0C943E9DB49E2EDE9592CA7 /* [CP] Embed Pods Frameworks */,
			);
			buildRules = (
			);
			dependencies = (
			);
			name = ForkContributeTest;
			productName = ForkContributeTest;
			productReference = 39F51BB929F65B550057CDBA /* ForkContributeTest.app */;
			productType = "com.apple.product-type.application";
		};
/* End PBXNativeTarget section */

/* Begin PBXProject section */
		39F51BB129F65B550057CDBA /* Project object */ = {
			isa = PBXProject;
			attributes = {
				BuildIndependentTargetsInParallel = 1;
				LastSwiftUpdateCheck = 1430;
				LastUpgradeCheck = 1430;
				TargetAttributes = {
					39F51BB829F65B550057CDBA = {
						CreatedOnToolsVersion = 14.3;
					};
				};
			};
			buildConfigurationList = 39F51BB429F65B550057CDBA /* Build configuration list for PBXProject "ForkContributeTest" */;
			compatibilityVersion = "Xcode 14.0";
			developmentRegion = en;
			hasScannedForEncodings = 0;
			knownRegions = (
				en,
				Base,
			);
			mainGroup = 39F51BB029F65B550057CDBA;
			productRefGroup = 39F51BBA29F65B550057CDBA /* Products */;
			projectDirPath = "";
			projectRoot = "";
			targets = (
				39F51BB829F65B550057CDBA /* ForkContributeTest */,
			);
		};
/* End PBXProject section */

/* Begin PBXResourcesBuildPhase section */
		39F51BB729F65B550057CDBA /* Resources */ = {
			isa = PBXResourcesBuildPhase;
			buildActionMask = 2147483647;
			files = (
				39F51BC929F65B560057CDBA /* LaunchScreen.storyboard in Resources */,
				39F51BC629F65B560057CDBA /* Assets.xcassets in Resources */,
				39F51BC429F65B550057CDBA /* Main.storyboard in Resources */,
			);
			runOnlyForDeploymentPostprocessing = 0;
		};
/* End PBXResourcesBuildPhase section */

/* Begin PBXShellScriptBuildPhase section */
		E0C943E9DB49E2EDE9592CA7 /* [CP] Embed Pods Frameworks */ = {
			isa = PBXShellScriptBuildPhase;
			buildActionMask = 2147483647;
			files = (
			);
			inputFileListPaths = (
				"${PODS_ROOT}/Target Support Files/Pods-ForkContributeTest/Pods-ForkContributeTest-frameworks-${CONFIGURATION}-input-files.xcfilelist",
			);
			name = "[CP] Embed Pods Frameworks";
			outputFileListPaths = (
				"${PODS_ROOT}/Target Support Files/Pods-ForkContributeTest/Pods-ForkContributeTest-frameworks-${CONFIGURATION}-output-files.xcfilelist",
			);
			runOnlyForDeploymentPostprocessing = 0;
			shellPath = /bin/sh;
			shellScript = "\"${PODS_ROOT}/Target Support Files/Pods-ForkContributeTest/Pods-ForkContributeTest-frameworks.sh\"\n";
			showEnvVarsInLog = 0;
		};
		E9B3CE50C3D70CADAF462427 /* [CP] Check Pods Manifest.lock */ = {
			isa = PBXShellScriptBuildPhase;
			buildActionMask = 2147483647;
			files = (
			);
			inputFileListPaths = (
			);
			inputPaths = (
				"${PODS_PODFILE_DIR_PATH}/Podfile.lock",
				"${PODS_ROOT}/Manifest.lock",
			);
			name = "[CP] Check Pods Manifest.lock";
			outputFileListPaths = (
			);
			outputPaths = (
				"$(DERIVED_FILE_DIR)/Pods-ForkContributeTest-checkManifestLockResult.txt",
			);
			runOnlyForDeploymentPostprocessing = 0;
			shellPath = /bin/sh;
			shellScript = "diff \"${PODS_PODFILE_DIR_PATH}/Podfile.lock\" \"${PODS_ROOT}/Manifest.lock\" > /dev/null\nif [ $? != 0 ] ; then\n    # print error to STDERR\n    echo \"error: The sandbox is not in sync with the Podfile.lock. Run 'pod install' or update your CocoaPods installation.\" >&2\n    exit 1\nfi\n# This output is used by Xcode 'outputs' to avoid re-running this script phase.\necho \"SUCCESS\" > \"${SCRIPT_OUTPUT_FILE_0}\"\n";
			showEnvVarsInLog = 0;
		};
/* End PBXShellScriptBuildPhase section */

/* Begin PBXSourcesBuildPhase section */
		39F51BB529F65B550057CDBA /* Sources */ = {
			isa = PBXSourcesBuildPhase;
			buildActionMask = 2147483647;
			files = (
				39F51BC129F65B550057CDBA /* ViewController.swift in Sources */,
				39F51BBD29F65B550057CDBA /* AppDelegate.swift in Sources */,
				39F51BBF29F65B550057CDBA /* SceneDelegate.swift in Sources */,
			);
			runOnlyForDeploymentPostprocessing = 0;
		};
/* End PBXSourcesBuildPhase section */

/* Begin PBXVariantGroup section */
		39F51BC229F65B550057CDBA /* Main.storyboard */ = {
			isa = PBXVariantGroup;
			children = (
				39F51BC329F65B550057CDBA /* Base */,
			);
			name = Main.storyboard;
			sourceTree = "<group>";
		};
		39F51BC729F65B560057CDBA /* LaunchScreen.storyboard */ = {
			isa = PBXVariantGroup;
			children = (
				39F51BC829F65B560057CDBA /* Base */,
			);
			name = LaunchScreen.storyboard;
			sourceTree = "<group>";
		};
/* End PBXVariantGroup section */

/* Begin XCBuildConfiguration section */
		39F51BCB29F65B560057CDBA /* Debug */ = {
			isa = XCBuildConfiguration;
			buildSettings = {
				ALWAYS_SEARCH_USER_PATHS = NO;
				CLANG_ANALYZER_NONNULL = YES;
				CLANG_ANALYZER_NUMBER_OBJECT_CONVERSION = YES_AGGRESSIVE;
				CLANG_CXX_LANGUAGE_STANDARD = "gnu++20";
				CLANG_ENABLE_MODULES = YES;
				CLANG_ENABLE_OBJC_ARC = YES;
				CLANG_ENABLE_OBJC_WEAK = YES;
				CLANG_WARN_BLOCK_CAPTURE_AUTORELEASING = YES;
				CLANG_WARN_BOOL_CONVERSION = YES;
				CLANG_WARN_COMMA = YES;
				CLANG_WARN_CONSTANT_CONVERSION = YES;
				CLANG_WARN_DEPRECATED_OBJC_IMPLEMENTATIONS = YES;
				CLANG_WARN_DIRECT_OBJC_ISA_USAGE = YES_ERROR;
				CLANG_WARN_DOCUMENTATION_COMMENTS = YES;
				CLANG_WARN_EMPTY_BODY = YES;
				CLANG_WARN_ENUM_CONVERSION = YES;
				CLANG_WARN_INFINITE_RECURSION = YES;
				CLANG_WARN_INT_CONVERSION = YES;
				CLANG_WARN_NON_LITERAL_NULL_CONVERSION = YES;
				CLANG_WARN_OBJC_IMPLICIT_RETAIN_SELF = YES;
				CLANG_WARN_OBJC_LITERAL_CONVERSION = YES;
				CLANG_WARN_OBJC_ROOT_CLASS = YES_ERROR;
				CLANG_WARN_QUOTED_INCLUDE_IN_FRAMEWORK_HEADER = YES;
				CLANG_WARN_RANGE_LOOP_ANALYSIS = YES;
				CLANG_WARN_STRICT_PROTOTYPES = YES;
				CLANG_WARN_SUSPICIOUS_MOVE = YES;
				CLANG_WARN_UNGUARDED_AVAILABILITY = YES_AGGRESSIVE;
				CLANG_WARN_UNREACHABLE_CODE = YES;
				CLANG_WARN__DUPLICATE_METHOD_MATCH = YES;
				COPY_PHASE_STRIP = NO;
				DEBUG_INFORMATION_FORMAT = dwarf;
				ENABLE_STRICT_OBJC_MSGSEND = YES;
				ENABLE_TESTABILITY = YES;
				GCC_C_LANGUAGE_STANDARD = gnu11;
				GCC_DYNAMIC_NO_PIC = NO;
				GCC_NO_COMMON_BLOCKS = YES;
				GCC_OPTIMIZATION_LEVEL = 0;
				GCC_PREPROCESSOR_DEFINITIONS = (
					"DEBUG=1",
					"$(inherited)",
				);
				GCC_WARN_64_TO_32_BIT_CONVERSION = YES;
				GCC_WARN_ABOUT_RETURN_TYPE = YES_ERROR;
				GCC_WARN_UNDECLARED_SELECTOR = YES;
				GCC_WARN_UNINITIALIZED_AUTOS = YES_AGGRESSIVE;
				GCC_WARN_UNUSED_FUNCTION = YES;
				GCC_WARN_UNUSED_VARIABLE = YES;
				IPHONEOS_DEPLOYMENT_TARGET = 16.4;
				MTL_ENABLE_DEBUG_INFO = INCLUDE_SOURCE;
				MTL_FAST_MATH = YES;
				ONLY_ACTIVE_ARCH = YES;
				SDKROOT = iphoneos;
				SWIFT_ACTIVE_COMPILATION_CONDITIONS = DEBUG;
				SWIFT_OPTIMIZATION_LEVEL = "-Onone";
			};
			name = Debug;
		};
		39F51BCC29F65B560057CDBA /* Release */ = {
			isa = XCBuildConfiguration;
			buildSettings = {
				ALWAYS_SEARCH_USER_PATHS = NO;
				CLANG_ANALYZER_NONNULL = YES;
				CLANG_ANALYZER_NUMBER_OBJECT_CONVERSION = YES_AGGRESSIVE;
				CLANG_CXX_LANGUAGE_STANDARD = "gnu++20";
				CLANG_ENABLE_MODULES = YES;
				CLANG_ENABLE_OBJC_ARC = YES;
				CLANG_ENABLE_OBJC_WEAK = YES;
				CLANG_WARN_BLOCK_CAPTURE_AUTORELEASING = YES;
				CLANG_WARN_BOOL_CONVERSION = YES;
				CLANG_WARN_COMMA = YES;
				CLANG_WARN_CONSTANT_CONVERSION = YES;
				CLANG_WARN_DEPRECATED_OBJC_IMPLEMENTATIONS = YES;
				CLANG_WARN_DIRECT_OBJC_ISA_USAGE = YES_ERROR;
				CLANG_WARN_DOCUMENTATION_COMMENTS = YES;
				CLANG_WARN_EMPTY_BODY = YES;
				CLANG_WARN_ENUM_CONVERSION = YES;
				CLANG_WARN_INFINITE_RECURSION = YES;
				CLANG_WARN_INT_CONVERSION = YES;
				CLANG_WARN_NON_LITERAL_NULL_CONVERSION = YES;
				CLANG_WARN_OBJC_IMPLICIT_RETAIN_SELF = YES;
				CLANG_WARN_OBJC_LITERAL_CONVERSION = YES;
				CLANG_WARN_OBJC_ROOT_CLASS = YES_ERROR;
				CLANG_WARN_QUOTED_INCLUDE_IN_FRAMEWORK_HEADER = YES;
				CLANG_WARN_RANGE_LOOP_ANALYSIS = YES;
				CLANG_WARN_STRICT_PROTOTYPES = YES;
				CLANG_WARN_SUSPICIOUS_MOVE = YES;
				CLANG_WARN_UNGUARDED_AVAILABILITY = YES_AGGRESSIVE;
				CLANG_WARN_UNREACHABLE_CODE = YES;
				CLANG_WARN__DUPLICATE_METHOD_MATCH = YES;
				COPY_PHASE_STRIP = NO;
				DEBUG_INFORMATION_FORMAT = "dwarf-with-dsym";
				ENABLE_NS_ASSERTIONS = NO;
				ENABLE_STRICT_OBJC_MSGSEND = YES;
				GCC_C_LANGUAGE_STANDARD = gnu11;
				GCC_NO_COMMON_BLOCKS = YES;
				GCC_WARN_64_TO_32_BIT_CONVERSION = YES;
				GCC_WARN_ABOUT_RETURN_TYPE = YES_ERROR;
				GCC_WARN_UNDECLARED_SELECTOR = YES;
				GCC_WARN_UNINITIALIZED_AUTOS = YES_AGGRESSIVE;
				GCC_WARN_UNUSED_FUNCTION = YES;
				GCC_WARN_UNUSED_VARIABLE = YES;
				IPHONEOS_DEPLOYMENT_TARGET = 16.4;
				MTL_ENABLE_DEBUG_INFO = NO;
				MTL_FAST_MATH = YES;
				SDKROOT = iphoneos;
				SWIFT_COMPILATION_MODE = wholemodule;
				SWIFT_OPTIMIZATION_LEVEL = "-O";
				VALIDATE_PRODUCT = YES;
			};
			name = Release;
		};
		39F51BCE29F65B560057CDBA /* Debug */ = {
			isa = XCBuildConfiguration;
			baseConfigurationReference = 64940EB12F7B6371D6377AAF /* Pods-ForkContributeTest.debug.xcconfig */;
			buildSettings = {
				ASSETCATALOG_COMPILER_APPICON_NAME = AppIcon;
				ASSETCATALOG_COMPILER_GLOBAL_ACCENT_COLOR_NAME = AccentColor;
				CODE_SIGN_STYLE = Automatic;
				CURRENT_PROJECT_VERSION = 1;
				DEVELOPMENT_TEAM = 59NQ3YR32K;
				GENERATE_INFOPLIST_FILE = YES;
				INFOPLIST_FILE = ForkContributeTest/Info.plist;
				INFOPLIST_KEY_UIApplicationSupportsIndirectInputEvents = YES;
				INFOPLIST_KEY_UILaunchStoryboardName = LaunchScreen;
				INFOPLIST_KEY_UIMainStoryboardFile = Main;
				INFOPLIST_KEY_UISupportedInterfaceOrientations_iPad = "UIInterfaceOrientationPortrait UIInterfaceOrientationPortraitUpsideDown UIInterfaceOrientationLandscapeLeft UIInterfaceOrientationLandscapeRight";
				INFOPLIST_KEY_UISupportedInterfaceOrientations_iPhone = "UIInterfaceOrientationPortrait UIInterfaceOrientationLandscapeLeft UIInterfaceOrientationLandscapeRight";
				LD_RUNPATH_SEARCH_PATHS = (
					"$(inherited)",
					"@executable_path/Frameworks",
				);
				MARKETING_VERSION = 1.0;
				PRODUCT_BUNDLE_IDENTIFIER = com.kimjitae.ForkContributeTest;
				PRODUCT_NAME = "$(TARGET_NAME)";
				SWIFT_EMIT_LOC_STRINGS = YES;
				SWIFT_VERSION = 5.0;
				TARGETED_DEVICE_FAMILY = "1,2";
			};
			name = Debug;
		};
		39F51BCF29F65B560057CDBA /* Release */ = {
			isa = XCBuildConfiguration;
			baseConfigurationReference = D6D00D3A1AC17989C98A2579 /* Pods-ForkContributeTest.release.xcconfig */;
			buildSettings = {
				ASSETCATALOG_COMPILER_APPICON_NAME = AppIcon;
				ASSETCATALOG_COMPILER_GLOBAL_ACCENT_COLOR_NAME = AccentColor;
				CODE_SIGN_STYLE = Automatic;
				CURRENT_PROJECT_VERSION = 1;
				DEVELOPMENT_TEAM = 59NQ3YR32K;
				GENERATE_INFOPLIST_FILE = YES;
				INFOPLIST_FILE = ForkContributeTest/Info.plist;
				INFOPLIST_KEY_UIApplicationSupportsIndirectInputEvents = YES;
				INFOPLIST_KEY_UILaunchStoryboardName = LaunchScreen;
				INFOPLIST_KEY_UIMainStoryboardFile = Main;
				INFOPLIST_KEY_UISupportedInterfaceOrientations_iPad = "UIInterfaceOrientationPortrait UIInterfaceOrientationPortraitUpsideDown UIInterfaceOrientationLandscapeLeft UIInterfaceOrientationLandscapeRight";
				INFOPLIST_KEY_UISupportedInterfaceOrientations_iPhone = "UIInterfaceOrientationPortrait UIInterfaceOrientationLandscapeLeft UIInterfaceOrientationLandscapeRight";
				LD_RUNPATH_SEARCH_PATHS = (
					"$(inherited)",
					"@executable_path/Frameworks",
				);
				MARKETING_VERSION = 1.0;
				PRODUCT_BUNDLE_IDENTIFIER = com.kimjitae.ForkContributeTest;
				PRODUCT_NAME = "$(TARGET_NAME)";
				SWIFT_EMIT_LOC_STRINGS = YES;
				SWIFT_VERSION = 5.0;
				TARGETED_DEVICE_FAMILY = "1,2";
			};
			name = Release;
		};
/* End XCBuildConfiguration section */

/* Begin XCConfigurationList section */
		39F51BB429F65B550057CDBA /* Build configuration list for PBXProject "ForkContributeTest" */ = {
			isa = XCConfigurationList;
			buildConfigurations = (
				39F51BCB29F65B560057CDBA /* Debug */,
				39F51BCC29F65B560057CDBA /* Release */,
			);
			defaultConfigurationIsVisible = 0;
			defaultConfigurationName = Release;
		};
		39F51BCD29F65B560057CDBA /* Build configuration list for PBXNativeTarget "ForkContributeTest" */ = {
			isa = XCConfigurationList;
			buildConfigurations = (
				39F51BCE29F65B560057CDBA /* Debug */,
				39F51BCF29F65B560057CDBA /* Release */,
			);
			defaultConfigurationIsVisible = 0;
			defaultConfigurationName = Release;
		};
/* End XCConfigurationList section */
	};
	rootObject = 39F51BB129F65B550057CDBA /* Project object */;
}
