// !$*UTF8*$!
{
	archiveVersion = 1;
	classes = {
	};
	objectVersion = 56;
	objects = {

/* Begin PBXBuildFile section */
		39A1AB4729CA8A6A008D146F /* AppDelegate.swift in Sources */ = {isa = PBXBuildFile; fileRef = 39A1AB4629CA8A6A008D146F /* AppDelegate.swift */; };
		39A1AB4929CA8A6A008D146F /* SceneDelegate.swift in Sources */ = {isa = PBXBuildFile; fileRef = 39A1AB4829CA8A6A008D146F /* SceneDelegate.swift */; };
		39A1AB4B29CA8A6A008D146F /* ViewController.swift in Sources */ = {isa = PBXBuildFile; fileRef = 39A1AB4A29CA8A6A008D146F /* ViewController.swift */; };
		39A1AB4E29CA8A6A008D146F /* Main.storyboard in Resources */ = {isa = PBXBuildFile; fileRef = 39A1AB4C29CA8A6A008D146F /* Main.storyboard */; };
		39A1AB5029CA8A6B008D146F /* Assets.xcassets in Resources */ = {isa = PBXBuildFile; fileRef = 39A1AB4F29CA8A6B008D146F /* Assets.xcassets */; };
		39A1AB5329CA8A6B008D146F /* LaunchScreen.storyboard in Resources */ = {isa = PBXBuildFile; fileRef = 39A1AB5129CA8A6B008D146F /* LaunchScreen.storyboard */; };
		39A1AB5C29CA8ADB008D146F /* Charts in Frameworks */ = {isa = PBXBuildFile; productRef = 39A1AB5B29CA8ADB008D146F /* Charts */; };
		39A1AB5E29CA8C40008D146F /* RoundedBarChartRenderer.swift in Sources */ = {isa = PBXBuildFile; fileRef = 39A1AB5D29CA8C40008D146F /* RoundedBarChartRenderer.swift */; };
/* End PBXBuildFile section */

/* Begin PBXFileReference section */
		39A1AB4329CA8A6A008D146F /* SpmChartsLibrary.app */ = {isa = PBXFileReference; explicitFileType = wrapper.application; includeInIndex = 0; path = SpmChartsLibrary.app; sourceTree = BUILT_PRODUCTS_DIR; };
		39A1AB4629CA8A6A008D146F /* AppDelegate.swift */ = {isa = PBXFileReference; lastKnownFileType = sourcecode.swift; path = AppDelegate.swift; sourceTree = "<group>"; };
		39A1AB4829CA8A6A008D146F /* SceneDelegate.swift */ = {isa = PBXFileReference; lastKnownFileType = sourcecode.swift; path = SceneDelegate.swift; sourceTree = "<group>"; };
		39A1AB4A29CA8A6A008D146F /* ViewController.swift */ = {isa = PBXFileReference; lastKnownFileType = sourcecode.swift; path = ViewController.swift; sourceTree = "<group>"; };
		39A1AB4D29CA8A6A008D146F /* Base */ = {isa = PBXFileReference; lastKnownFileType = file.storyboard; name = Base; path = Base.lproj/Main.storyboard; sourceTree = "<group>"; };
		39A1AB4F29CA8A6B008D146F /* Assets.xcassets */ = {isa = PBXFileReference; lastKnownFileType = folder.assetcatalog; path = Assets.xcassets; sourceTree = "<group>"; };
		39A1AB5229CA8A6B008D146F /* Base */ = {isa = PBXFileReference; lastKnownFileType = file.storyboard; name = Base; path = Base.lproj/LaunchScreen.storyboard; sourceTree = "<group>"; };
		39A1AB5429CA8A6B008D146F /* Info.plist */ = {isa = PBXFileReference; lastKnownFileType = text.plist.xml; path = Info.plist; sourceTree = "<group>"; };
		39A1AB5D29CA8C40008D146F /* RoundedBarChartRenderer.swift */ = {isa = PBXFileReference; lastKnownFileType = sourcecode.swift; path = RoundedBarChartRenderer.swift; sourceTree = "<group>"; };
/* End PBXFileReference section */

/* Begin PBXFrameworksBuildPhase section */
		39A1AB4029CA8A6A008D146F /* Frameworks */ = {
			isa = PBXFrameworksBuildPhase;
			buildActionMask = 2147483647;
			files = (
				39A1AB5C29CA8ADB008D146F /* Charts in Frameworks */,
			);
			runOnlyForDeploymentPostprocessing = 0;
		};
/* End PBXFrameworksBuildPhase section */

/* Begin PBXGroup section */
		39A1AB3A29CA8A6A008D146F = {
			isa = PBXGroup;
			children = (
				39A1AB4529CA8A6A008D146F /* SpmChartsLibrary */,
				39A1AB4429CA8A6A008D146F /* Products */,
			);
			sourceTree = "<group>";
		};
		39A1AB4429CA8A6A008D146F /* Products */ = {
			isa = PBXGroup;
			children = (
				39A1AB4329CA8A6A008D146F /* SpmChartsLibrary.app */,
			);
			name = Products;
			sourceTree = "<group>";
		};
		39A1AB4529CA8A6A008D146F /* SpmChartsLibrary */ = {
			isa = PBXGroup;
			children = (
				39A1AB4629CA8A6A008D146F /* AppDelegate.swift */,
				39A1AB4829CA8A6A008D146F /* SceneDelegate.swift */,
				39A1AB4A29CA8A6A008D146F /* ViewController.swift */,
				39A1AB4C29CA8A6A008D146F /* Main.storyboard */,
				39A1AB4F29CA8A6B008D146F /* Assets.xcassets */,
				39A1AB5129CA8A6B008D146F /* LaunchScreen.storyboard */,
				39A1AB5429CA8A6B008D146F /* Info.plist */,
				39A1AB5D29CA8C40008D146F /* RoundedBarChartRenderer.swift */,
			);
			path = SpmChartsLibrary;
			sourceTree = "<group>";
		};
/* End PBXGroup section */

/* Begin PBXNativeTarget section */
		39A1AB4229CA8A6A008D146F /* SpmChartsLibrary */ = {
			isa = PBXNativeTarget;
			buildConfigurationList = 39A1AB5729CA8A6B008D146F /* Build configuration list for PBXNativeTarget "SpmChartsLibrary" */;
			buildPhases = (
				39A1AB3F29CA8A6A008D146F /* Sources */,
				39A1AB4029CA8A6A008D146F /* Frameworks */,
				39A1AB4129CA8A6A008D146F /* Resources */,
			);
			buildRules = (
			);
			dependencies = (
			);
			name = SpmChartsLibrary;
			packageProductDependencies = (
				39A1AB5B29CA8ADB008D146F /* Charts */,
			);
			productName = SpmChartsLibrary;
			productReference = 39A1AB4329CA8A6A008D146F /* SpmChartsLibrary.app */;
			productType = "com.apple.product-type.application";
		};
/* End PBXNativeTarget section */

/* Begin PBXProject section */
		39A1AB3B29CA8A6A008D146F /* Project object */ = {
			isa = PBXProject;
			attributes = {
				BuildIndependentTargetsInParallel = 1;
				LastSwiftUpdateCheck = 1420;
				LastUpgradeCheck = 1420;
				TargetAttributes = {
					39A1AB4229CA8A6A008D146F = {
						CreatedOnToolsVersion = 14.2;
					};
				};
			};
			buildConfigurationList = 39A1AB3E29CA8A6A008D146F /* Build configuration list for PBXProject "SpmChartsLibrary" */;
			compatibilityVersion = "Xcode 14.0";
			developmentRegion = en;
			hasScannedForEncodings = 0;
			knownRegions = (
				en,
				Base,
			);
			mainGroup = 39A1AB3A29CA8A6A008D146F;
			packageReferences = (
				39A1AB5A29CA8ADB008D146F /* XCRemoteSwiftPackageReference "Charts" */,
			);
			productRefGroup = 39A1AB4429CA8A6A008D146F /* Products */;
			projectDirPath = "";
			projectRoot = "";
			targets = (
				39A1AB4229CA8A6A008D146F /* SpmChartsLibrary */,
			);
		};
/* End PBXProject section */

/* Begin PBXResourcesBuildPhase section */
		39A1AB4129CA8A6A008D146F /* Resources */ = {
			isa = PBXResourcesBuildPhase;
			buildActionMask = 2147483647;
			files = (
				39A1AB5329CA8A6B008D146F /* LaunchScreen.storyboard in Resources */,
				39A1AB5029CA8A6B008D146F /* Assets.xcassets in Resources */,
				39A1AB4E29CA8A6A008D146F /* Main.storyboard in Resources */,
			);
			runOnlyForDeploymentPostprocessing = 0;
		};
/* End PBXResourcesBuildPhase section */

/* Begin PBXSourcesBuildPhase section */
		39A1AB3F29CA8A6A008D146F /* Sources */ = {
			isa = PBXSourcesBuildPhase;
			buildActionMask = 2147483647;
			files = (
				39A1AB4B29CA8A6A008D146F /* ViewController.swift in Sources */,
				39A1AB4729CA8A6A008D146F /* AppDelegate.swift in Sources */,
				39A1AB4929CA8A6A008D146F /* SceneDelegate.swift in Sources */,
				39A1AB5E29CA8C40008D146F /* RoundedBarChartRenderer.swift in Sources */,
			);
			runOnlyForDeploymentPostprocessing = 0;
		};
/* End PBXSourcesBuildPhase section */

/* Begin PBXVariantGroup section */
		39A1AB4C29CA8A6A008D146F /* Main.storyboard */ = {
			isa = PBXVariantGroup;
			children = (
				39A1AB4D29CA8A6A008D146F /* Base */,
			);
			name = Main.storyboard;
			sourceTree = "<group>";
		};
		39A1AB5129CA8A6B008D146F /* LaunchScreen.storyboard */ = {
			isa = PBXVariantGroup;
			children = (
				39A1AB5229CA8A6B008D146F /* Base */,
			);
			name = LaunchScreen.storyboard;
			sourceTree = "<group>";
		};
/* End PBXVariantGroup section */

/* Begin XCBuildConfiguration section */
		39A1AB5529CA8A6B008D146F /* Debug */ = {
			isa = XCBuildConfiguration;
			buildSettings = {
				ALWAYS_SEARCH_USER_PATHS = NO;
				CLANG_ANALYZER_NONNULL = YES;
				CLANG_ANALYZER_NUMBER_OBJECT_CONVERSION = YES_AGGRESSIVE;
				CLANG_CXX_LANGUAGE_STANDARD = "gnu++20";
				CLANG_ENABLE_MODULES = YES;
				CLANG_ENABLE_OBJC_ARC = YES;
				CLANG_ENABLE_OBJC_WEAK = YES;
				CLANG_WARN_BLOCK_CAPTURE_AUTORELEASING = YES;
				CLANG_WARN_BOOL_CONVERSION = YES;
				CLANG_WARN_COMMA = YES;
				CLANG_WARN_CONSTANT_CONVERSION = YES;
				CLANG_WARN_DEPRECATED_OBJC_IMPLEMENTATIONS = YES;
				CLANG_WARN_DIRECT_OBJC_ISA_USAGE = YES_ERROR;
				CLANG_WARN_DOCUMENTATION_COMMENTS = YES;
				CLANG_WARN_EMPTY_BODY = YES;
				CLANG_WARN_ENUM_CONVERSION = YES;
				CLANG_WARN_INFINITE_RECURSION = YES;
				CLANG_WARN_INT_CONVERSION = YES;
				CLANG_WARN_NON_LITERAL_NULL_CONVERSION = YES;
				CLANG_WARN_OBJC_IMPLICIT_RETAIN_SELF = YES;
				CLANG_WARN_OBJC_LITERAL_CONVERSION = YES;
				CLANG_WARN_OBJC_ROOT_CLASS = YES_ERROR;
				CLANG_WARN_QUOTED_INCLUDE_IN_FRAMEWORK_HEADER = YES;
				CLANG_WARN_RANGE_LOOP_ANALYSIS = YES;
				CLANG_WARN_STRICT_PROTOTYPES = YES;
				CLANG_WARN_SUSPICIOUS_MOVE = YES;
				CLANG_WARN_UNGUARDED_AVAILABILITY = YES_AGGRESSIVE;
				CLANG_WARN_UNREACHABLE_CODE = YES;
				CLANG_WARN__DUPLICATE_METHOD_MATCH = YES;
				COPY_PHASE_STRIP = NO;
				DEBUG_INFORMATION_FORMAT = dwarf;
				ENABLE_STRICT_OBJC_MSGSEND = YES;
				ENABLE_TESTABILITY = YES;
				GCC_C_LANGUAGE_STANDARD = gnu11;
				GCC_DYNAMIC_NO_PIC = NO;
				GCC_NO_COMMON_BLOCKS = YES;
				GCC_OPTIMIZATION_LEVEL = 0;
				GCC_PREPROCESSOR_DEFINITIONS = (
					"DEBUG=1",
					"$(inherited)",
				);
				GCC_WARN_64_TO_32_BIT_CONVERSION = YES;
				GCC_WARN_ABOUT_RETURN_TYPE = YES_ERROR;
				GCC_WARN_UNDECLARED_SELECTOR = YES;
				GCC_WARN_UNINITIALIZED_AUTOS = YES_AGGRESSIVE;
				GCC_WARN_UNUSED_FUNCTION = YES;
				GCC_WARN_UNUSED_VARIABLE = YES;
				IPHONEOS_DEPLOYMENT_TARGET = 16.2;
				MTL_ENABLE_DEBUG_INFO = INCLUDE_SOURCE;
				MTL_FAST_MATH = YES;
				ONLY_ACTIVE_ARCH = YES;
				SDKROOT = iphoneos;
				SWIFT_ACTIVE_COMPILATION_CONDITIONS = DEBUG;
				SWIFT_OPTIMIZATION_LEVEL = "-Onone";
			};
			name = Debug;
		};
		39A1AB5629CA8A6B008D146F /* Release */ = {
			isa = XCBuildConfiguration;
			buildSettings = {
				ALWAYS_SEARCH_USER_PATHS = NO;
				CLANG_ANALYZER_NONNULL = YES;
				CLANG_ANALYZER_NUMBER_OBJECT_CONVERSION = YES_AGGRESSIVE;
				CLANG_CXX_LANGUAGE_STANDARD = "gnu++20";
				CLANG_ENABLE_MODULES = YES;
				CLANG_ENABLE_OBJC_ARC = YES;
				CLANG_ENABLE_OBJC_WEAK = YES;
				CLANG_WARN_BLOCK_CAPTURE_AUTORELEASING = YES;
				CLANG_WARN_BOOL_CONVERSION = YES;
				CLANG_WARN_COMMA = YES;
				CLANG_WARN_CONSTANT_CONVERSION = YES;
				CLANG_WARN_DEPRECATED_OBJC_IMPLEMENTATIONS = YES;
				CLANG_WARN_DIRECT_OBJC_ISA_USAGE = YES_ERROR;
				CLANG_WARN_DOCUMENTATION_COMMENTS = YES;
				CLANG_WARN_EMPTY_BODY = YES;
				CLANG_WARN_ENUM_CONVERSION = YES;
				CLANG_WARN_INFINITE_RECURSION = YES;
				CLANG_WARN_INT_CONVERSION = YES;
				CLANG_WARN_NON_LITERAL_NULL_CONVERSION = YES;
				CLANG_WARN_OBJC_IMPLICIT_RETAIN_SELF = YES;
				CLANG_WARN_OBJC_LITERAL_CONVERSION = YES;
				CLANG_WARN_OBJC_ROOT_CLASS = YES_ERROR;
				CLANG_WARN_QUOTED_INCLUDE_IN_FRAMEWORK_HEADER = YES;
				CLANG_WARN_RANGE_LOOP_ANALYSIS = YES;
				CLANG_WARN_STRICT_PROTOTYPES = YES;
				CLANG_WARN_SUSPICIOUS_MOVE = YES;
				CLANG_WARN_UNGUARDED_AVAILABILITY = YES_AGGRESSIVE;
				CLANG_WARN_UNREACHABLE_CODE = YES;
				CLANG_WARN__DUPLICATE_METHOD_MATCH = YES;
				COPY_PHASE_STRIP = NO;
				DEBUG_INFORMATION_FORMAT = "dwarf-with-dsym";
				ENABLE_NS_ASSERTIONS = NO;
				ENABLE_STRICT_OBJC_MSGSEND = YES;
				GCC_C_LANGUAGE_STANDARD = gnu11;
				GCC_NO_COMMON_BLOCKS = YES;
				GCC_WARN_64_TO_32_BIT_CONVERSION = YES;
				GCC_WARN_ABOUT_RETURN_TYPE = YES_ERROR;
				GCC_WARN_UNDECLARED_SELECTOR = YES;
				GCC_WARN_UNINITIALIZED_AUTOS = YES_AGGRESSIVE;
				GCC_WARN_UNUSED_FUNCTION = YES;
				GCC_WARN_UNUSED_VARIABLE = YES;
				IPHONEOS_DEPLOYMENT_TARGET = 16.2;
				MTL_ENABLE_DEBUG_INFO = NO;
				MTL_FAST_MATH = YES;
				SDKROOT = iphoneos;
				SWIFT_COMPILATION_MODE = wholemodule;
				SWIFT_OPTIMIZATION_LEVEL = "-O";
				VALIDATE_PRODUCT = YES;
			};
			name = Release;
		};
		39A1AB5829CA8A6B008D146F /* Debug */ = {
			isa = XCBuildConfiguration;
			buildSettings = {
				ASSETCATALOG_COMPILER_APPICON_NAME = AppIcon;
				ASSETCATALOG_COMPILER_GLOBAL_ACCENT_COLOR_NAME = AccentColor;
				CODE_SIGN_STYLE = Automatic;
				CURRENT_PROJECT_VERSION = 1;
				DEVELOPMENT_TEAM = 59NQ3YR32K;
				GENERATE_INFOPLIST_FILE = YES;
				INFOPLIST_FILE = SpmChartsLibrary/Info.plist;
				INFOPLIST_KEY_UIApplicationSupportsIndirectInputEvents = YES;
				INFOPLIST_KEY_UILaunchStoryboardName = LaunchScreen;
				INFOPLIST_KEY_UIMainStoryboardFile = Main;
				INFOPLIST_KEY_UISupportedInterfaceOrientations_iPad = "UIInterfaceOrientationPortrait UIInterfaceOrientationPortraitUpsideDown UIInterfaceOrientationLandscapeLeft UIInterfaceOrientationLandscapeRight";
				INFOPLIST_KEY_UISupportedInterfaceOrientations_iPhone = "UIInterfaceOrientationPortrait UIInterfaceOrientationLandscapeLeft UIInterfaceOrientationLandscapeRight";
				LD_RUNPATH_SEARCH_PATHS = (
					"$(inherited)",
					"@executable_path/Frameworks",
				);
				MARKETING_VERSION = 1.0;
				PRODUCT_BUNDLE_IDENTIFIER = com.jitaekim.SpmChartsLibrary;
				PRODUCT_NAME = "$(TARGET_NAME)";
				SWIFT_EMIT_LOC_STRINGS = YES;
				SWIFT_VERSION = 5.0;
				TARGETED_DEVICE_FAMILY = "1,2";
			};
			name = Debug;
		};
		39A1AB5929CA8A6B008D146F /* Release */ = {
			isa = XCBuildConfiguration;
			buildSettings = {
				ASSETCATALOG_COMPILER_APPICON_NAME = AppIcon;
				ASSETCATALOG_COMPILER_GLOBAL_ACCENT_COLOR_NAME = AccentColor;
				CODE_SIGN_STYLE = Automatic;
				CURRENT_PROJECT_VERSION = 1;
				DEVELOPMENT_TEAM = 59NQ3YR32K;
				GENERATE_INFOPLIST_FILE = YES;
				INFOPLIST_FILE = SpmChartsLibrary/Info.plist;
				INFOPLIST_KEY_UIApplicationSupportsIndirectInputEvents = YES;
				INFOPLIST_KEY_UILaunchStoryboardName = LaunchScreen;
				INFOPLIST_KEY_UIMainStoryboardFile = Main;
				INFOPLIST_KEY_UISupportedInterfaceOrientations_iPad = "UIInterfaceOrientationPortrait UIInterfaceOrientationPortraitUpsideDown UIInterfaceOrientationLandscapeLeft UIInterfaceOrientationLandscapeRight";
				INFOPLIST_KEY_UISupportedInterfaceOrientations_iPhone = "UIInterfaceOrientationPortrait UIInterfaceOrientationLandscapeLeft UIInterfaceOrientationLandscapeRight";
				LD_RUNPATH_SEARCH_PATHS = (
					"$(inherited)",
					"@executable_path/Frameworks",
				);
				MARKETING_VERSION = 1.0;
				PRODUCT_BUNDLE_IDENTIFIER = com.jitaekim.SpmChartsLibrary;
				PRODUCT_NAME = "$(TARGET_NAME)";
				SWIFT_EMIT_LOC_STRINGS = YES;
				SWIFT_VERSION = 5.0;
				TARGETED_DEVICE_FAMILY = "1,2";
			};
			name = Release;
		};
/* End XCBuildConfiguration section */

/* Begin XCConfigurationList section */
		39A1AB3E29CA8A6A008D146F /* Build configuration list for PBXProject "SpmChartsLibrary" */ = {
			isa = XCConfigurationList;
			buildConfigurations = (
				39A1AB5529CA8A6B008D146F /* Debug */,
				39A1AB5629CA8A6B008D146F /* Release */,
			);
			defaultConfigurationIsVisible = 0;
			defaultConfigurationName = Release;
		};
		39A1AB5729CA8A6B008D146F /* Build configuration list for PBXNativeTarget "SpmChartsLibrary" */ = {
			isa = XCConfigurationList;
			buildConfigurations = (
				39A1AB5829CA8A6B008D146F /* Debug */,
				39A1AB5929CA8A6B008D146F /* Release */,
			);
			defaultConfigurationIsVisible = 0;
			defaultConfigurationName = Release;
		};
/* End XCConfigurationList section */

/* Begin XCRemoteSwiftPackageReference section */
		39A1AB5A29CA8ADB008D146F /* XCRemoteSwiftPackageReference "Charts" */ = {
			isa = XCRemoteSwiftPackageReference;
			repositoryURL = "https://github.com/danielgindi/Charts.git";
			requirement = {
				kind = upToNextMajorVersion;
				minimumVersion = 4.1.0;
			};
		};
/* End XCRemoteSwiftPackageReference section */

/* Begin XCSwiftPackageProductDependency section */
		39A1AB5B29CA8ADB008D146F /* Charts */ = {
			isa = XCSwiftPackageProductDependency;
			package = 39A1AB5A29CA8ADB008D146F /* XCRemoteSwiftPackageReference "Charts" */;
			productName = Charts;
		};
/* End XCSwiftPackageProductDependency section */
	};
	rootObject = 39A1AB3B29CA8A6A008D146F /* Project object */;
}
