// !$*UTF8*$!
{
	archiveVersion = 1;
	classes = {
	};
	objectVersion = 56;
	objects = {

/* Begin PBXBuildFile section */
		391D06F529EAB5920041F4B6 /* TestTableViewCell.swift in Sources */ = {isa = PBXBuildFile; fileRef = 391D06F329EAB5920041F4B6 /* TestTableViewCell.swift */; };
		391D06F629EAB5920041F4B6 /* TestTableViewCell.xib in Resources */ = {isa = PBXBuildFile; fileRef = 391D06F429EAB5920041F4B6 /* TestTableViewCell.xib */; };
		393BB09A29EAAB200065F016 /* AppDelegate.swift in Sources */ = {isa = PBXBuildFile; fileRef = 393BB09929EAAB200065F016 /* AppDelegate.swift */; };
		393BB09C29EAAB200065F016 /* SceneDelegate.swift in Sources */ = {isa = PBXBuildFile; fileRef = 393BB09B29EAAB200065F016 /* SceneDelegate.swift */; };
		393BB09E29EAAB200065F016 /* ViewController.swift in Sources */ = {isa = PBXBuildFile; fileRef = 393BB09D29EAAB200065F016 /* ViewController.swift */; };
		393BB0A129EAAB200065F016 /* Main.storyboard in Resources */ = {isa = PBXBuildFile; fileRef = 393BB09F29EAAB200065F016 /* Main.storyboard */; };
		393BB0A329EAAB210065F016 /* Assets.xcassets in Resources */ = {isa = PBXBuildFile; fileRef = 393BB0A229EAAB210065F016 /* Assets.xcassets */; };
		393BB0A629EAAB210065F016 /* LaunchScreen.storyboard in Resources */ = {isa = PBXBuildFile; fileRef = 393BB0A429EAAB210065F016 /* LaunchScreen.storyboard */; };
		393BB0AF29EAAB780065F016 /* TableViewCollectionViewCell.swift in Sources */ = {isa = PBXBuildFile; fileRef = 393BB0AD29EAAB780065F016 /* TableViewCollectionViewCell.swift */; };
		393BB0B029EAAB780065F016 /* TableViewCollectionViewCell.xib in Resources */ = {isa = PBXBuildFile; fileRef = 393BB0AE29EAAB780065F016 /* TableViewCollectionViewCell.xib */; };
/* End PBXBuildFile section */

/* Begin PBXFileReference section */
		391D06F329EAB5920041F4B6 /* TestTableViewCell.swift */ = {isa = PBXFileReference; lastKnownFileType = sourcecode.swift; path = TestTableViewCell.swift; sourceTree = "<group>"; };
		391D06F429EAB5920041F4B6 /* TestTableViewCell.xib */ = {isa = PBXFileReference; lastKnownFileType = file.xib; path = TestTableViewCell.xib; sourceTree = "<group>"; };
		393BB09629EAAB200065F016 /* TableViewInCollectionView.app */ = {isa = PBXFileReference; explicitFileType = wrapper.application; includeInIndex = 0; path = TableViewInCollectionView.app; sourceTree = BUILT_PRODUCTS_DIR; };
		393BB09929EAAB200065F016 /* AppDelegate.swift */ = {isa = PBXFileReference; lastKnownFileType = sourcecode.swift; path = AppDelegate.swift; sourceTree = "<group>"; };
		393BB09B29EAAB200065F016 /* SceneDelegate.swift */ = {isa = PBXFileReference; lastKnownFileType = sourcecode.swift; path = SceneDelegate.swift; sourceTree = "<group>"; };
		393BB09D29EAAB200065F016 /* ViewController.swift */ = {isa = PBXFileReference; lastKnownFileType = sourcecode.swift; path = ViewController.swift; sourceTree = "<group>"; };
		393BB0A029EAAB200065F016 /* Base */ = {isa = PBXFileReference; lastKnownFileType = file.storyboard; name = Base; path = Base.lproj/Main.storyboard; sourceTree = "<group>"; };
		393BB0A229EAAB210065F016 /* Assets.xcassets */ = {isa = PBXFileReference; lastKnownFileType = folder.assetcatalog; path = Assets.xcassets; sourceTree = "<group>"; };
		393BB0A529EAAB210065F016 /* Base */ = {isa = PBXFileReference; lastKnownFileType = file.storyboard; name = Base; path = Base.lproj/LaunchScreen.storyboard; sourceTree = "<group>"; };
		393BB0A729EAAB210065F016 /* Info.plist */ = {isa = PBXFileReference; lastKnownFileType = text.plist.xml; path = Info.plist; sourceTree = "<group>"; };
		393BB0AD29EAAB780065F016 /* TableViewCollectionViewCell.swift */ = {isa = PBXFileReference; lastKnownFileType = sourcecode.swift; path = TableViewCollectionViewCell.swift; sourceTree = "<group>"; };
		393BB0AE29EAAB780065F016 /* TableViewCollectionViewCell.xib */ = {isa = PBXFileReference; lastKnownFileType = file.xib; path = TableViewCollectionViewCell.xib; sourceTree = "<group>"; };
/* End PBXFileReference section */

/* Begin PBXFrameworksBuildPhase section */
		393BB09329EAAB200065F016 /* Frameworks */ = {
			isa = PBXFrameworksBuildPhase;
			buildActionMask = 2147483647;
			files = (
			);
			runOnlyForDeploymentPostprocessing = 0;
		};
/* End PBXFrameworksBuildPhase section */

/* Begin PBXGroup section */
		393BB08D29EAAB200065F016 = {
			isa = PBXGroup;
			children = (
				393BB09829EAAB200065F016 /* TableViewInCollectionView */,
				393BB09729EAAB200065F016 /* Products */,
			);
			sourceTree = "<group>";
		};
		393BB09729EAAB200065F016 /* Products */ = {
			isa = PBXGroup;
			children = (
				393BB09629EAAB200065F016 /* TableViewInCollectionView.app */,
			);
			name = Products;
			sourceTree = "<group>";
		};
		393BB09829EAAB200065F016 /* TableViewInCollectionView */ = {
			isa = PBXGroup;
			children = (
				393BB09929EAAB200065F016 /* AppDelegate.swift */,
				393BB09B29EAAB200065F016 /* SceneDelegate.swift */,
				393BB09D29EAAB200065F016 /* ViewController.swift */,
				393BB09F29EAAB200065F016 /* Main.storyboard */,
				393BB0A229EAAB210065F016 /* Assets.xcassets */,
				393BB0A429EAAB210065F016 /* LaunchScreen.storyboard */,
				393BB0A729EAAB210065F016 /* Info.plist */,
				393BB0AD29EAAB780065F016 /* TableViewCollectionViewCell.swift */,
				393BB0AE29EAAB780065F016 /* TableViewCollectionViewCell.xib */,
				391D06F329EAB5920041F4B6 /* TestTableViewCell.swift */,
				391D06F429EAB5920041F4B6 /* TestTableViewCell.xib */,
			);
			path = TableViewInCollectionView;
			sourceTree = "<group>";
		};
/* End PBXGroup section */

/* Begin PBXNativeTarget section */
		393BB09529EAAB200065F016 /* TableViewInCollectionView */ = {
			isa = PBXNativeTarget;
			buildConfigurationList = 393BB0AA29EAAB210065F016 /* Build configuration list for PBXNativeTarget "TableViewInCollectionView" */;
			buildPhases = (
				393BB09229EAAB200065F016 /* Sources */,
				393BB09329EAAB200065F016 /* Frameworks */,
				393BB09429EAAB200065F016 /* Resources */,
			);
			buildRules = (
			);
			dependencies = (
			);
			name = TableViewInCollectionView;
			productName = TableViewInCollectionView;
			productReference = 393BB09629EAAB200065F016 /* TableViewInCollectionView.app */;
			productType = "com.apple.product-type.application";
		};
/* End PBXNativeTarget section */

/* Begin PBXProject section */
		393BB08E29EAAB200065F016 /* Project object */ = {
			isa = PBXProject;
			attributes = {
				BuildIndependentTargetsInParallel = 1;
				LastSwiftUpdateCheck = 1430;
				LastUpgradeCheck = 1430;
				TargetAttributes = {
					393BB09529EAAB200065F016 = {
						CreatedOnToolsVersion = 14.3;
					};
				};
			};
			buildConfigurationList = 393BB09129EAAB200065F016 /* Build configuration list for PBXProject "TableViewInCollectionView" */;
			compatibilityVersion = "Xcode 14.0";
			developmentRegion = en;
			hasScannedForEncodings = 0;
			knownRegions = (
				en,
				Base,
			);
			mainGroup = 393BB08D29EAAB200065F016;
			productRefGroup = 393BB09729EAAB200065F016 /* Products */;
			projectDirPath = "";
			projectRoot = "";
			targets = (
				393BB09529EAAB200065F016 /* TableViewInCollectionView */,
			);
		};
/* End PBXProject section */

/* Begin PBXResourcesBuildPhase section */
		393BB09429EAAB200065F016 /* Resources */ = {
			isa = PBXResourcesBuildPhase;
			buildActionMask = 2147483647;
			files = (
				393BB0A629EAAB210065F016 /* LaunchScreen.storyboard in Resources */,
				393BB0A329EAAB210065F016 /* Assets.xcassets in Resources */,
				393BB0B029EAAB780065F016 /* TableViewCollectionViewCell.xib in Resources */,
				391D06F629EAB5920041F4B6 /* TestTableViewCell.xib in Resources */,
				393BB0A129EAAB200065F016 /* Main.storyboard in Resources */,
			);
			runOnlyForDeploymentPostprocessing = 0;
		};
/* End PBXResourcesBuildPhase section */

/* Begin PBXSourcesBuildPhase section */
		393BB09229EAAB200065F016 /* Sources */ = {
			isa = PBXSourcesBuildPhase;
			buildActionMask = 2147483647;
			files = (
				393BB09E29EAAB200065F016 /* ViewController.swift in Sources */,
				393BB09A29EAAB200065F016 /* AppDelegate.swift in Sources */,
				393BB0AF29EAAB780065F016 /* TableViewCollectionViewCell.swift in Sources */,
				393BB09C29EAAB200065F016 /* SceneDelegate.swift in Sources */,
				391D06F529EAB5920041F4B6 /* TestTableViewCell.swift in Sources */,
			);
			runOnlyForDeploymentPostprocessing = 0;
		};
/* End PBXSourcesBuildPhase section */

/* Begin PBXVariantGroup section */
		393BB09F29EAAB200065F016 /* Main.storyboard */ = {
			isa = PBXVariantGroup;
			children = (
				393BB0A029EAAB200065F016 /* Base */,
			);
			name = Main.storyboard;
			sourceTree = "<group>";
		};
		393BB0A429EAAB210065F016 /* LaunchScreen.storyboard */ = {
			isa = PBXVariantGroup;
			children = (
				393BB0A529EAAB210065F016 /* Base */,
			);
			name = LaunchScreen.storyboard;
			sourceTree = "<group>";
		};
/* End PBXVariantGroup section */

/* Begin XCBuildConfiguration section */
		393BB0A829EAAB210065F016 /* Debug */ = {
			isa = XCBuildConfiguration;
			buildSettings = {
				ALWAYS_SEARCH_USER_PATHS = NO;
				CLANG_ANALYZER_NONNULL = YES;
				CLANG_ANALYZER_NUMBER_OBJECT_CONVERSION = YES_AGGRESSIVE;
				CLANG_CXX_LANGUAGE_STANDARD = "gnu++20";
				CLANG_ENABLE_MODULES = YES;
				CLANG_ENABLE_OBJC_ARC = YES;
				CLANG_ENABLE_OBJC_WEAK = YES;
				CLANG_WARN_BLOCK_CAPTURE_AUTORELEASING = YES;
				CLANG_WARN_BOOL_CONVERSION = YES;
				CLANG_WARN_COMMA = YES;
				CLANG_WARN_CONSTANT_CONVERSION = YES;
				CLANG_WARN_DEPRECATED_OBJC_IMPLEMENTATIONS = YES;
				CLANG_WARN_DIRECT_OBJC_ISA_USAGE = YES_ERROR;
				CLANG_WARN_DOCUMENTATION_COMMENTS = YES;
				CLANG_WARN_EMPTY_BODY = YES;
				CLANG_WARN_ENUM_CONVERSION = YES;
				CLANG_WARN_INFINITE_RECURSION = YES;
				CLANG_WARN_INT_CONVERSION = YES;
				CLANG_WARN_NON_LITERAL_NULL_CONVERSION = YES;
				CLANG_WARN_OBJC_IMPLICIT_RETAIN_SELF = YES;
				CLANG_WARN_OBJC_LITERAL_CONVERSION = YES;
				CLANG_WARN_OBJC_ROOT_CLASS = YES_ERROR;
				CLANG_WARN_QUOTED_INCLUDE_IN_FRAMEWORK_HEADER = YES;
				CLANG_WARN_RANGE_LOOP_ANALYSIS = YES;
				CLANG_WARN_STRICT_PROTOTYPES = YES;
				CLANG_WARN_SUSPICIOUS_MOVE = YES;
				CLANG_WARN_UNGUARDED_AVAILABILITY = YES_AGGRESSIVE;
				CLANG_WARN_UNREACHABLE_CODE = YES;
				CLANG_WARN__DUPLICATE_METHOD_MATCH = YES;
				COPY_PHASE_STRIP = NO;
				DEBUG_INFORMATION_FORMAT = dwarf;
				ENABLE_STRICT_OBJC_MSGSEND = YES;
				ENABLE_TESTABILITY = YES;
				GCC_C_LANGUAGE_STANDARD = gnu11;
				GCC_DYNAMIC_NO_PIC = NO;
				GCC_NO_COMMON_BLOCKS = YES;
				GCC_OPTIMIZATION_LEVEL = 0;
				GCC_PREPROCESSOR_DEFINITIONS = (
					"DEBUG=1",
					"$(inherited)",
				);
				GCC_WARN_64_TO_32_BIT_CONVERSION = YES;
				GCC_WARN_ABOUT_RETURN_TYPE = YES_ERROR;
				GCC_WARN_UNDECLARED_SELECTOR = YES;
				GCC_WARN_UNINITIALIZED_AUTOS = YES_AGGRESSIVE;
				GCC_WARN_UNUSED_FUNCTION = YES;
				GCC_WARN_UNUSED_VARIABLE = YES;
				IPHONEOS_DEPLOYMENT_TARGET = 16.4;
				MTL_ENABLE_DEBUG_INFO = INCLUDE_SOURCE;
				MTL_FAST_MATH = YES;
				ONLY_ACTIVE_ARCH = YES;
				SDKROOT = iphoneos;
				SWIFT_ACTIVE_COMPILATION_CONDITIONS = DEBUG;
				SWIFT_OPTIMIZATION_LEVEL = "-Onone";
			};
			name = Debug;
		};
		393BB0A929EAAB210065F016 /* Release */ = {
			isa = XCBuildConfiguration;
			buildSettings = {
				ALWAYS_SEARCH_USER_PATHS = NO;
				CLANG_ANALYZER_NONNULL = YES;
				CLANG_ANALYZER_NUMBER_OBJECT_CONVERSION = YES_AGGRESSIVE;
				CLANG_CXX_LANGUAGE_STANDARD = "gnu++20";
				CLANG_ENABLE_MODULES = YES;
				CLANG_ENABLE_OBJC_ARC = YES;
				CLANG_ENABLE_OBJC_WEAK = YES;
				CLANG_WARN_BLOCK_CAPTURE_AUTORELEASING = YES;
				CLANG_WARN_BOOL_CONVERSION = YES;
				CLANG_WARN_COMMA = YES;
				CLANG_WARN_CONSTANT_CONVERSION = YES;
				CLANG_WARN_DEPRECATED_OBJC_IMPLEMENTATIONS = YES;
				CLANG_WARN_DIRECT_OBJC_ISA_USAGE = YES_ERROR;
				CLANG_WARN_DOCUMENTATION_COMMENTS = YES;
				CLANG_WARN_EMPTY_BODY = YES;
				CLANG_WARN_ENUM_CONVERSION = YES;
				CLANG_WARN_INFINITE_RECURSION = YES;
				CLANG_WARN_INT_CONVERSION = YES;
				CLANG_WARN_NON_LITERAL_NULL_CONVERSION = YES;
				CLANG_WARN_OBJC_IMPLICIT_RETAIN_SELF = YES;
				CLANG_WARN_OBJC_LITERAL_CONVERSION = YES;
				CLANG_WARN_OBJC_ROOT_CLASS = YES_ERROR;
				CLANG_WARN_QUOTED_INCLUDE_IN_FRAMEWORK_HEADER = YES;
				CLANG_WARN_RANGE_LOOP_ANALYSIS = YES;
				CLANG_WARN_STRICT_PROTOTYPES = YES;
				CLANG_WARN_SUSPICIOUS_MOVE = YES;
				CLANG_WARN_UNGUARDED_AVAILABILITY = YES_AGGRESSIVE;
				CLANG_WARN_UNREACHABLE_CODE = YES;
				CLANG_WARN__DUPLICATE_METHOD_MATCH = YES;
				COPY_PHASE_STRIP = NO;
				DEBUG_INFORMATION_FORMAT = "dwarf-with-dsym";
				ENABLE_NS_ASSERTIONS = NO;
				ENABLE_STRICT_OBJC_MSGSEND = YES;
				GCC_C_LANGUAGE_STANDARD = gnu11;
				GCC_NO_COMMON_BLOCKS = YES;
				GCC_WARN_64_TO_32_BIT_CONVERSION = YES;
				GCC_WARN_ABOUT_RETURN_TYPE = YES_ERROR;
				GCC_WARN_UNDECLARED_SELECTOR = YES;
				GCC_WARN_UNINITIALIZED_AUTOS = YES_AGGRESSIVE;
				GCC_WARN_UNUSED_FUNCTION = YES;
				GCC_WARN_UNUSED_VARIABLE = YES;
				IPHONEOS_DEPLOYMENT_TARGET = 16.4;
				MTL_ENABLE_DEBUG_INFO = NO;
				MTL_FAST_MATH = YES;
				SDKROOT = iphoneos;
				SWIFT_COMPILATION_MODE = wholemodule;
				SWIFT_OPTIMIZATION_LEVEL = "-O";
				VALIDATE_PRODUCT = YES;
			};
			name = Release;
		};
		393BB0AB29EAAB210065F016 /* Debug */ = {
			isa = XCBuildConfiguration;
			buildSettings = {
				ASSETCATALOG_COMPILER_APPICON_NAME = AppIcon;
				ASSETCATALOG_COMPILER_GLOBAL_ACCENT_COLOR_NAME = AccentColor;
				CODE_SIGN_STYLE = Automatic;
				CURRENT_PROJECT_VERSION = 1;
				DEVELOPMENT_TEAM = 59NQ3YR32K;
				GENERATE_INFOPLIST_FILE = YES;
				INFOPLIST_FILE = TableViewInCollectionView/Info.plist;
				INFOPLIST_KEY_UIApplicationSupportsIndirectInputEvents = YES;
				INFOPLIST_KEY_UILaunchStoryboardName = LaunchScreen;
				INFOPLIST_KEY_UIMainStoryboardFile = Main;
				INFOPLIST_KEY_UISupportedInterfaceOrientations_iPad = "UIInterfaceOrientationPortrait UIInterfaceOrientationPortraitUpsideDown UIInterfaceOrientationLandscapeLeft UIInterfaceOrientationLandscapeRight";
				INFOPLIST_KEY_UISupportedInterfaceOrientations_iPhone = "UIInterfaceOrientationPortrait UIInterfaceOrientationLandscapeLeft UIInterfaceOrientationLandscapeRight";
				IPHONEOS_DEPLOYMENT_TARGET = 14.0;
				LD_RUNPATH_SEARCH_PATHS = (
					"$(inherited)",
					"@executable_path/Frameworks",
				);
				MARKETING_VERSION = 1.0;
				PRODUCT_BUNDLE_IDENTIFIER = com.kimjitae.TableViewInCollectionView;
				PRODUCT_NAME = "$(TARGET_NAME)";
				SWIFT_EMIT_LOC_STRINGS = YES;
				SWIFT_VERSION = 5.0;
				TARGETED_DEVICE_FAMILY = "1,2";
			};
			name = Debug;
		};
		393BB0AC29EAAB210065F016 /* Release */ = {
			isa = XCBuildConfiguration;
			buildSettings = {
				ASSETCATALOG_COMPILER_APPICON_NAME = AppIcon;
				ASSETCATALOG_COMPILER_GLOBAL_ACCENT_COLOR_NAME = AccentColor;
				CODE_SIGN_STYLE = Automatic;
				CURRENT_PROJECT_VERSION = 1;
				DEVELOPMENT_TEAM = 59NQ3YR32K;
				GENERATE_INFOPLIST_FILE = YES;
				INFOPLIST_FILE = TableViewInCollectionView/Info.plist;
				INFOPLIST_KEY_UIApplicationSupportsIndirectInputEvents = YES;
				INFOPLIST_KEY_UILaunchStoryboardName = LaunchScreen;
				INFOPLIST_KEY_UIMainStoryboardFile = Main;
				INFOPLIST_KEY_UISupportedInterfaceOrientations_iPad = "UIInterfaceOrientationPortrait UIInterfaceOrientationPortraitUpsideDown UIInterfaceOrientationLandscapeLeft UIInterfaceOrientationLandscapeRight";
				INFOPLIST_KEY_UISupportedInterfaceOrientations_iPhone = "UIInterfaceOrientationPortrait UIInterfaceOrientationLandscapeLeft UIInterfaceOrientationLandscapeRight";
				IPHONEOS_DEPLOYMENT_TARGET = 14.0;
				LD_RUNPATH_SEARCH_PATHS = (
					"$(inherited)",
					"@executable_path/Frameworks",
				);
				MARKETING_VERSION = 1.0;
				PRODUCT_BUNDLE_IDENTIFIER = com.kimjitae.TableViewInCollectionView;
				PRODUCT_NAME = "$(TARGET_NAME)";
				SWIFT_EMIT_LOC_STRINGS = YES;
				SWIFT_VERSION = 5.0;
				TARGETED_DEVICE_FAMILY = "1,2";
			};
			name = Release;
		};
/* End XCBuildConfiguration section */

/* Begin XCConfigurationList section */
		393BB09129EAAB200065F016 /* Build configuration list for PBXProject "TableViewInCollectionView" */ = {
			isa = XCConfigurationList;
			buildConfigurations = (
				393BB0A829EAAB210065F016 /* Debug */,
				393BB0A929EAAB210065F016 /* Release */,
			);
			defaultConfigurationIsVisible = 0;
			defaultConfigurationName = Release;
		};
		393BB0AA29EAAB210065F016 /* Build configuration list for PBXNativeTarget "TableViewInCollectionView" */ = {
			isa = XCConfigurationList;
			buildConfigurations = (
				393BB0AB29EAAB210065F016 /* Debug */,
				393BB0AC29EAAB210065F016 /* Release */,
			);
			defaultConfigurationIsVisible = 0;
			defaultConfigurationName = Release;
		};
/* End XCConfigurationList section */
	};
	rootObject = 393BB08E29EAAB200065F016 /* Project object */;
}
