// !$*UTF8*$!
{
	archiveVersion = 1;
	classes = {
	};
	objectVersion = 56;
	objects = {

/* Begin PBXBuildFile section */
		3989158029EFF0D40059EC2F /* AppDelegate.swift in Sources */ = {isa = PBXBuildFile; fileRef = 3989157F29EFF0D40059EC2F /* AppDelegate.swift */; };
		3989158229EFF0D40059EC2F /* SceneDelegate.swift in Sources */ = {isa = PBXBuildFile; fileRef = 3989158129EFF0D40059EC2F /* SceneDelegate.swift */; };
		3989158429EFF0D40059EC2F /* ViewController.swift in Sources */ = {isa = PBXBuildFile; fileRef = 3989158329EFF0D40059EC2F /* ViewController.swift */; };
		3989158729EFF0D40059EC2F /* Main.storyboard in Resources */ = {isa = PBXBuildFile; fileRef = 3989158529EFF0D40059EC2F /* Main.storyboard */; };
		3989158929EFF0D50059EC2F /* Assets.xcassets in Resources */ = {isa = PBXBuildFile; fileRef = 3989158829EFF0D50059EC2F /* Assets.xcassets */; };
		3989158C29EFF0D50059EC2F /* LaunchScreen.storyboard in Resources */ = {isa = PBXBuildFile; fileRef = 3989158A29EFF0D50059EC2F /* LaunchScreen.storyboard */; };
		3989159529EFF1160059EC2F /* PrimaryButton.swift in Sources */ = {isa = PBXBuildFile; fileRef = 3989159429EFF1160059EC2F /* PrimaryButton.swift */; };
/* End PBXBuildFile section */

/* Begin PBXFileReference section */
		3989157C29EFF0D40059EC2F /* CustomUiField.app */ = {isa = PBXFileReference; explicitFileType = wrapper.application; includeInIndex = 0; path = CustomUiField.app; sourceTree = BUILT_PRODUCTS_DIR; };
		3989157F29EFF0D40059EC2F /* AppDelegate.swift */ = {isa = PBXFileReference; lastKnownFileType = sourcecode.swift; path = AppDelegate.swift; sourceTree = "<group>"; };
		3989158129EFF0D40059EC2F /* SceneDelegate.swift */ = {isa = PBXFileReference; lastKnownFileType = sourcecode.swift; path = SceneDelegate.swift; sourceTree = "<group>"; };
		3989158329EFF0D40059EC2F /* ViewController.swift */ = {isa = PBXFileReference; lastKnownFileType = sourcecode.swift; path = ViewController.swift; sourceTree = "<group>"; };
		3989158629EFF0D40059EC2F /* Base */ = {isa = PBXFileReference; lastKnownFileType = file.storyboard; name = Base; path = Base.lproj/Main.storyboard; sourceTree = "<group>"; };
		3989158829EFF0D50059EC2F /* Assets.xcassets */ = {isa = PBXFileReference; lastKnownFileType = folder.assetcatalog; path = Assets.xcassets; sourceTree = "<group>"; };
		3989158B29EFF0D50059EC2F /* Base */ = {isa = PBXFileReference; lastKnownFileType = file.storyboard; name = Base; path = Base.lproj/LaunchScreen.storyboard; sourceTree = "<group>"; };
		3989158D29EFF0D50059EC2F /* Info.plist */ = {isa = PBXFileReference; lastKnownFileType = text.plist.xml; path = Info.plist; sourceTree = "<group>"; };
		3989159429EFF1160059EC2F /* PrimaryButton.swift */ = {isa = PBXFileReference; lastKnownFileType = sourcecode.swift; path = PrimaryButton.swift; sourceTree = "<group>"; };
/* End PBXFileReference section */

/* Begin PBXFrameworksBuildPhase section */
		3989157929EFF0D40059EC2F /* Frameworks */ = {
			isa = PBXFrameworksBuildPhase;
			buildActionMask = 2147483647;
			files = (
			);
			runOnlyForDeploymentPostprocessing = 0;
		};
/* End PBXFrameworksBuildPhase section */

/* Begin PBXGroup section */
		3989157329EFF0D40059EC2F = {
			isa = PBXGroup;
			children = (
				3989157E29EFF0D40059EC2F /* CustomUiField */,
				3989157D29EFF0D40059EC2F /* Products */,
			);
			sourceTree = "<group>";
		};
		3989157D29EFF0D40059EC2F /* Products */ = {
			isa = PBXGroup;
			children = (
				3989157C29EFF0D40059EC2F /* CustomUiField.app */,
			);
			name = Products;
			sourceTree = "<group>";
		};
		3989157E29EFF0D40059EC2F /* CustomUiField */ = {
			isa = PBXGroup;
			children = (
				3989159329EFF0D90059EC2F /* Button */,
				3989157F29EFF0D40059EC2F /* AppDelegate.swift */,
				3989158129EFF0D40059EC2F /* SceneDelegate.swift */,
				3989158329EFF0D40059EC2F /* ViewController.swift */,
				3989158529EFF0D40059EC2F /* Main.storyboard */,
				3989158829EFF0D50059EC2F /* Assets.xcassets */,
				3989158A29EFF0D50059EC2F /* LaunchScreen.storyboard */,
				3989158D29EFF0D50059EC2F /* Info.plist */,
			);
			path = CustomUiField;
			sourceTree = "<group>";
		};
		3989159329EFF0D90059EC2F /* Button */ = {
			isa = PBXGroup;
			children = (
				3989159429EFF1160059EC2F /* PrimaryButton.swift */,
			);
			path = Button;
			sourceTree = "<group>";
		};
/* End PBXGroup section */

/* Begin PBXNativeTarget section */
		3989157B29EFF0D40059EC2F /* CustomUiField */ = {
			isa = PBXNativeTarget;
			buildConfigurationList = 3989159029EFF0D50059EC2F /* Build configuration list for PBXNativeTarget "CustomUiField" */;
			buildPhases = (
				3989157829EFF0D40059EC2F /* Sources */,
				3989157929EFF0D40059EC2F /* Frameworks */,
				3989157A29EFF0D40059EC2F /* Resources */,
			);
			buildRules = (
			);
			dependencies = (
			);
			name = CustomUiField;
			productName = CustomUiField;
			productReference = 3989157C29EFF0D40059EC2F /* CustomUiField.app */;
			productType = "com.apple.product-type.application";
		};
/* End PBXNativeTarget section */

/* Begin PBXProject section */
		3989157429EFF0D40059EC2F /* Project object */ = {
			isa = PBXProject;
			attributes = {
				BuildIndependentTargetsInParallel = 1;
				LastSwiftUpdateCheck = 1430;
				LastUpgradeCheck = 1430;
				TargetAttributes = {
					3989157B29EFF0D40059EC2F = {
						CreatedOnToolsVersion = 14.3;
					};
				};
			};
			buildConfigurationList = 3989157729EFF0D40059EC2F /* Build configuration list for PBXProject "CustomUiField" */;
			compatibilityVersion = "Xcode 14.0";
			developmentRegion = en;
			hasScannedForEncodings = 0;
			knownRegions = (
				en,
				Base,
			);
			mainGroup = 3989157329EFF0D40059EC2F;
			productRefGroup = 3989157D29EFF0D40059EC2F /* Products */;
			projectDirPath = "";
			projectRoot = "";
			targets = (
				3989157B29EFF0D40059EC2F /* CustomUiField */,
			);
		};
/* End PBXProject section */

/* Begin PBXResourcesBuildPhase section */
		3989157A29EFF0D40059EC2F /* Resources */ = {
			isa = PBXResourcesBuildPhase;
			buildActionMask = 2147483647;
			files = (
				3989158C29EFF0D50059EC2F /* LaunchScreen.storyboard in Resources */,
				3989158929EFF0D50059EC2F /* Assets.xcassets in Resources */,
				3989158729EFF0D40059EC2F /* Main.storyboard in Resources */,
			);
			runOnlyForDeploymentPostprocessing = 0;
		};
/* End PBXResourcesBuildPhase section */

/* Begin PBXSourcesBuildPhase section */
		3989157829EFF0D40059EC2F /* Sources */ = {
			isa = PBXSourcesBuildPhase;
			buildActionMask = 2147483647;
			files = (
				3989158429EFF0D40059EC2F /* ViewController.swift in Sources */,
				3989158029EFF0D40059EC2F /* AppDelegate.swift in Sources */,
				3989159529EFF1160059EC2F /* PrimaryButton.swift in Sources */,
				3989158229EFF0D40059EC2F /* SceneDelegate.swift in Sources */,
			);
			runOnlyForDeploymentPostprocessing = 0;
		};
/* End PBXSourcesBuildPhase section */

/* Begin PBXVariantGroup section */
		3989158529EFF0D40059EC2F /* Main.storyboard */ = {
			isa = PBXVariantGroup;
			children = (
				3989158629EFF0D40059EC2F /* Base */,
			);
			name = Main.storyboard;
			sourceTree = "<group>";
		};
		3989158A29EFF0D50059EC2F /* LaunchScreen.storyboard */ = {
			isa = PBXVariantGroup;
			children = (
				3989158B29EFF0D50059EC2F /* Base */,
			);
			name = LaunchScreen.storyboard;
			sourceTree = "<group>";
		};
/* End PBXVariantGroup section */

/* Begin XCBuildConfiguration section */
		3989158E29EFF0D50059EC2F /* Debug */ = {
			isa = XCBuildConfiguration;
			buildSettings = {
				ALWAYS_SEARCH_USER_PATHS = NO;
				CLANG_ANALYZER_NONNULL = YES;
				CLANG_ANALYZER_NUMBER_OBJECT_CONVERSION = YES_AGGRESSIVE;
				CLANG_CXX_LANGUAGE_STANDARD = "gnu++20";
				CLANG_ENABLE_MODULES = YES;
				CLANG_ENABLE_OBJC_ARC = YES;
				CLANG_ENABLE_OBJC_WEAK = YES;
				CLANG_WARN_BLOCK_CAPTURE_AUTORELEASING = YES;
				CLANG_WARN_BOOL_CONVERSION = YES;
				CLANG_WARN_COMMA = YES;
				CLANG_WARN_CONSTANT_CONVERSION = YES;
				CLANG_WARN_DEPRECATED_OBJC_IMPLEMENTATIONS = YES;
				CLANG_WARN_DIRECT_OBJC_ISA_USAGE = YES_ERROR;
				CLANG_WARN_DOCUMENTATION_COMMENTS = YES;
				CLANG_WARN_EMPTY_BODY = YES;
				CLANG_WARN_ENUM_CONVERSION = YES;
				CLANG_WARN_INFINITE_RECURSION = YES;
				CLANG_WARN_INT_CONVERSION = YES;
				CLANG_WARN_NON_LITERAL_NULL_CONVERSION = YES;
				CLANG_WARN_OBJC_IMPLICIT_RETAIN_SELF = YES;
				CLANG_WARN_OBJC_LITERAL_CONVERSION = YES;
				CLANG_WARN_OBJC_ROOT_CLASS = YES_ERROR;
				CLANG_WARN_QUOTED_INCLUDE_IN_FRAMEWORK_HEADER = YES;
				CLANG_WARN_RANGE_LOOP_ANALYSIS = YES;
				CLANG_WARN_STRICT_PROTOTYPES = YES;
				CLANG_WARN_SUSPICIOUS_MOVE = YES;
				CLANG_WARN_UNGUARDED_AVAILABILITY = YES_AGGRESSIVE;
				CLANG_WARN_UNREACHABLE_CODE = YES;
				CLANG_WARN__DUPLICATE_METHOD_MATCH = YES;
				COPY_PHASE_STRIP = NO;
				DEBUG_INFORMATION_FORMAT = dwarf;
				ENABLE_STRICT_OBJC_MSGSEND = YES;
				ENABLE_TESTABILITY = YES;
				GCC_C_LANGUAGE_STANDARD = gnu11;
				GCC_DYNAMIC_NO_PIC = NO;
				GCC_NO_COMMON_BLOCKS = YES;
				GCC_OPTIMIZATION_LEVEL = 0;
				GCC_PREPROCESSOR_DEFINITIONS = (
					"DEBUG=1",
					"$(inherited)",
				);
				GCC_WARN_64_TO_32_BIT_CONVERSION = YES;
				GCC_WARN_ABOUT_RETURN_TYPE = YES_ERROR;
				GCC_WARN_UNDECLARED_SELECTOR = YES;
				GCC_WARN_UNINITIALIZED_AUTOS = YES_AGGRESSIVE;
				GCC_WARN_UNUSED_FUNCTION = YES;
				GCC_WARN_UNUSED_VARIABLE = YES;
				IPHONEOS_DEPLOYMENT_TARGET = 16.4;
				MTL_ENABLE_DEBUG_INFO = INCLUDE_SOURCE;
				MTL_FAST_MATH = YES;
				ONLY_ACTIVE_ARCH = YES;
				SDKROOT = iphoneos;
				SWIFT_ACTIVE_COMPILATION_CONDITIONS = DEBUG;
				SWIFT_OPTIMIZATION_LEVEL = "-Onone";
			};
			name = Debug;
		};
		3989158F29EFF0D50059EC2F /* Release */ = {
			isa = XCBuildConfiguration;
			buildSettings = {
				ALWAYS_SEARCH_USER_PATHS = NO;
				CLANG_ANALYZER_NONNULL = YES;
				CLANG_ANALYZER_NUMBER_OBJECT_CONVERSION = YES_AGGRESSIVE;
				CLANG_CXX_LANGUAGE_STANDARD = "gnu++20";
				CLANG_ENABLE_MODULES = YES;
				CLANG_ENABLE_OBJC_ARC = YES;
				CLANG_ENABLE_OBJC_WEAK = YES;
				CLANG_WARN_BLOCK_CAPTURE_AUTORELEASING = YES;
				CLANG_WARN_BOOL_CONVERSION = YES;
				CLANG_WARN_COMMA = YES;
				CLANG_WARN_CONSTANT_CONVERSION = YES;
				CLANG_WARN_DEPRECATED_OBJC_IMPLEMENTATIONS = YES;
				CLANG_WARN_DIRECT_OBJC_ISA_USAGE = YES_ERROR;
				CLANG_WARN_DOCUMENTATION_COMMENTS = YES;
				CLANG_WARN_EMPTY_BODY = YES;
				CLANG_WARN_ENUM_CONVERSION = YES;
				CLANG_WARN_INFINITE_RECURSION = YES;
				CLANG_WARN_INT_CONVERSION = YES;
				CLANG_WARN_NON_LITERAL_NULL_CONVERSION = YES;
				CLANG_WARN_OBJC_IMPLICIT_RETAIN_SELF = YES;
				CLANG_WARN_OBJC_LITERAL_CONVERSION = YES;
				CLANG_WARN_OBJC_ROOT_CLASS = YES_ERROR;
				CLANG_WARN_QUOTED_INCLUDE_IN_FRAMEWORK_HEADER = YES;
				CLANG_WARN_RANGE_LOOP_ANALYSIS = YES;
				CLANG_WARN_STRICT_PROTOTYPES = YES;
				CLANG_WARN_SUSPICIOUS_MOVE = YES;
				CLANG_WARN_UNGUARDED_AVAILABILITY = YES_AGGRESSIVE;
				CLANG_WARN_UNREACHABLE_CODE = YES;
				CLANG_WARN__DUPLICATE_METHOD_MATCH = YES;
				COPY_PHASE_STRIP = NO;
				DEBUG_INFORMATION_FORMAT = "dwarf-with-dsym";
				ENABLE_NS_ASSERTIONS = NO;
				ENABLE_STRICT_OBJC_MSGSEND = YES;
				GCC_C_LANGUAGE_STANDARD = gnu11;
				GCC_NO_COMMON_BLOCKS = YES;
				GCC_WARN_64_TO_32_BIT_CONVERSION = YES;
				GCC_WARN_ABOUT_RETURN_TYPE = YES_ERROR;
				GCC_WARN_UNDECLARED_SELECTOR = YES;
				GCC_WARN_UNINITIALIZED_AUTOS = YES_AGGRESSIVE;
				GCC_WARN_UNUSED_FUNCTION = YES;
				GCC_WARN_UNUSED_VARIABLE = YES;
				IPHONEOS_DEPLOYMENT_TARGET = 16.4;
				MTL_ENABLE_DEBUG_INFO = NO;
				MTL_FAST_MATH = YES;
				SDKROOT = iphoneos;
				SWIFT_COMPILATION_MODE = wholemodule;
				SWIFT_OPTIMIZATION_LEVEL = "-O";
				VALIDATE_PRODUCT = YES;
			};
			name = Release;
		};
		3989159129EFF0D50059EC2F /* Debug */ = {
			isa = XCBuildConfiguration;
			buildSettings = {
				ASSETCATALOG_COMPILER_APPICON_NAME = AppIcon;
				ASSETCATALOG_COMPILER_GLOBAL_ACCENT_COLOR_NAME = AccentColor;
				CODE_SIGN_STYLE = Automatic;
				CURRENT_PROJECT_VERSION = 1;
				DEVELOPMENT_TEAM = 59NQ3YR32K;
				GENERATE_INFOPLIST_FILE = YES;
				INFOPLIST_FILE = CustomUiField/Info.plist;
				INFOPLIST_KEY_UIApplicationSupportsIndirectInputEvents = YES;
				INFOPLIST_KEY_UILaunchStoryboardName = LaunchScreen;
				INFOPLIST_KEY_UIMainStoryboardFile = Main;
				INFOPLIST_KEY_UISupportedInterfaceOrientations_iPad = "UIInterfaceOrientationPortrait UIInterfaceOrientationPortraitUpsideDown UIInterfaceOrientationLandscapeLeft UIInterfaceOrientationLandscapeRight";
				INFOPLIST_KEY_UISupportedInterfaceOrientations_iPhone = "UIInterfaceOrientationPortrait UIInterfaceOrientationLandscapeLeft UIInterfaceOrientationLandscapeRight";
				IPHONEOS_DEPLOYMENT_TARGET = 15.0;
				LD_RUNPATH_SEARCH_PATHS = (
					"$(inherited)",
					"@executable_path/Frameworks",
				);
				MARKETING_VERSION = 1.0;
				PRODUCT_BUNDLE_IDENTIFIER = com.kimjitae.CustomUiField;
				PRODUCT_NAME = "$(TARGET_NAME)";
				SWIFT_EMIT_LOC_STRINGS = YES;
				SWIFT_VERSION = 5.0;
				TARGETED_DEVICE_FAMILY = "1,2";
			};
			name = Debug;
		};
		3989159229EFF0D50059EC2F /* Release */ = {
			isa = XCBuildConfiguration;
			buildSettings = {
				ASSETCATALOG_COMPILER_APPICON_NAME = AppIcon;
				ASSETCATALOG_COMPILER_GLOBAL_ACCENT_COLOR_NAME = AccentColor;
				CODE_SIGN_STYLE = Automatic;
				CURRENT_PROJECT_VERSION = 1;
				DEVELOPMENT_TEAM = 59NQ3YR32K;
				GENERATE_INFOPLIST_FILE = YES;
				INFOPLIST_FILE = CustomUiField/Info.plist;
				INFOPLIST_KEY_UIApplicationSupportsIndirectInputEvents = YES;
				INFOPLIST_KEY_UILaunchStoryboardName = LaunchScreen;
				INFOPLIST_KEY_UIMainStoryboardFile = Main;
				INFOPLIST_KEY_UISupportedInterfaceOrientations_iPad = "UIInterfaceOrientationPortrait UIInterfaceOrientationPortraitUpsideDown UIInterfaceOrientationLandscapeLeft UIInterfaceOrientationLandscapeRight";
				INFOPLIST_KEY_UISupportedInterfaceOrientations_iPhone = "UIInterfaceOrientationPortrait UIInterfaceOrientationLandscapeLeft UIInterfaceOrientationLandscapeRight";
				IPHONEOS_DEPLOYMENT_TARGET = 15.0;
				LD_RUNPATH_SEARCH_PATHS = (
					"$(inherited)",
					"@executable_path/Frameworks",
				);
				MARKETING_VERSION = 1.0;
				PRODUCT_BUNDLE_IDENTIFIER = com.kimjitae.CustomUiField;
				PRODUCT_NAME = "$(TARGET_NAME)";
				SWIFT_EMIT_LOC_STRINGS = YES;
				SWIFT_VERSION = 5.0;
				TARGETED_DEVICE_FAMILY = "1,2";
			};
			name = Release;
		};
/* End XCBuildConfiguration section */

/* Begin XCConfigurationList section */
		3989157729EFF0D40059EC2F /* Build configuration list for PBXProject "CustomUiField" */ = {
			isa = XCConfigurationList;
			buildConfigurations = (
				3989158E29EFF0D50059EC2F /* Debug */,
				3989158F29EFF0D50059EC2F /* Release */,
			);
			defaultConfigurationIsVisible = 0;
			defaultConfigurationName = Release;
		};
		3989159029EFF0D50059EC2F /* Build configuration list for PBXNativeTarget "CustomUiField" */ = {
			isa = XCConfigurationList;
			buildConfigurations = (
				3989159129EFF0D50059EC2F /* Debug */,
				3989159229EFF0D50059EC2F /* Release */,
			);
			defaultConfigurationIsVisible = 0;
			defaultConfigurationName = Release;
		};
/* End XCConfigurationList section */
	};
	rootObject = 3989157429EFF0D40059EC2F /* Project object */;
}
